[[package]]
name = "appdirs"
version = "1.4.4"
summary = "A small Python module for determining appropriate platform-specific dirs, e.g. a \"user data dir\"."

[[package]]
name = "argcomplete"
version = "1.12.3"
summary = "Bash tab completion for argparse"
dependencies = [
    "importlib-metadata<5,>=0.23; python_version == \"3.7\"",
]

[[package]]
name = "arpeggio"
version = "1.10.2"
summary = "Packrat parser interpreter"

[[package]]
name = "atomicwrites"
version = "1.4.0"
requires_python = ">=2.7,!=3.0.*,!=3.1.*,!=3.2.*,!=3.3.*"
summary = "Atomic file writes."

[[package]]
name = "atoml"
version = "1.0.2"
requires_python = ">=3.6"
summary = "Yet another style preserving TOML library"

[[package]]
name = "attrs"
version = "21.2.0"
requires_python = ">=2.7,!=3.0.*,!=3.1.*,!=3.2.*,!=3.3.*,!=3.4.*"
summary = "Classes Without Boilerplate"

[[package]]
name = "backports.entry-points-selectable"
version = "1.1.0"
requires_python = ">=2.7"
summary = "Compatibility shim providing selectable entry points for older implementations"
dependencies = [
    "importlib-metadata; python_version < \"3.8\"",
]

[[package]]
name = "cached-property"
version = "1.5.2"
summary = "A decorator for caching properties in classes."

[[package]]
name = "cfgv"
version = "3.3.0"
requires_python = ">=3.6.1"
summary = "Validate configuration and produce human readable error messages."

[[package]]
name = "click"
version = "8.0.1"
requires_python = ">=3.6"
summary = "Composable command line interface toolkit"
dependencies = [
    "colorama; platform_system == \"Windows\"",
    "importlib-metadata; python_version < \"3.8\"",
]

[[package]]
name = "click-default-group"
version = "1.2.2"
summary = "Extends click.Group to invoke a command without explicit subcommand name"
dependencies = [
    "click",
]

[[package]]
name = "colorama"
version = "0.4.4"
requires_python = ">=2.7,!=3.0.*,!=3.1.*,!=3.2.*,!=3.3.*,!=3.4.*"
summary = "Cross-platform colored terminal text."

[[package]]
name = "colorlog"
version = "5.0.1"
summary = "Add colours to the output of Python's logging module."
dependencies = [
    "colorama; sys_platform == \"win32\"",
]

[[package]]
name = "distlib"
version = "0.3.2"
summary = "Distribution utilities"

[[package]]
name = "filelock"
version = "3.0.12"
summary = "A platform independent file lock."

[[package]]
name = "ghp-import"
version = "2.0.1"
summary = "Copy your docs directly to the gh-pages branch."
dependencies = [
    "python-dateutil>=2.8.1",
]

[[package]]
name = "identify"
version = "2.2.11"
requires_python = ">=3.6.1"
summary = "File identification library for Python"

[[package]]
name = "importlib-metadata"
version = "4.6.1"
requires_python = ">=3.6"
summary = "Read metadata from Python packages"
dependencies = [
    "typing-extensions>=3.6.4; python_version < \"3.8\"",
    "zipp>=0.5",
]

[[package]]
name = "incremental"
version = "21.3.0"
summary = "A small library that versions your Python projects."

[[package]]
name = "iniconfig"
version = "1.1.1"
summary = "iniconfig: brain-dead simple config-ini parsing"

[[package]]
name = "jinja2"
version = "3.0.1"
requires_python = ">=3.6"
summary = "A very fast and expressive template engine."
dependencies = [
    "MarkupSafe>=2.0",
]

[[package]]
name = "Markdown"
version = "3.3.4"
requires_python = ">=3.6"
summary = "Python implementation of Markdown."
dependencies = [
    "importlib-metadata; python_version < \"3.8\"",
]

[[package]]
name = "MarkupSafe"
version = "2.0.1"
requires_python = ">=3.6"
summary = "Safely add untrusted strings to HTML/XML markup."

[[package]]
name = "mergedeep"
version = "1.3.4"
requires_python = ">=3.6"
summary = "A deep merge function for 🐍."

[[package]]
name = "mkdocs"
version = "1.2.1"
requires_python = ">=3.6"
summary = "Project documentation with Markdown."
dependencies = [
    "Jinja2>=2.10.1",
    "Markdown>=3.2.1",
    "PyYAML>=3.10",
    "click>=3.3",
    "ghp-import>=1.0",
    "importlib-metadata>=3.10",
    "mergedeep>=1.3.4",
    "packaging>=20.5",
    "pyyaml-env-tag>=0.1",
    "watchdog>=2.0",
]

[[package]]
name = "mkdocs-material"
version = "6.2.8"
summary = "A Material Design theme for MkDocs"
dependencies = [
    "Pygments>=2.4",
    "markdown>=3.2",
    "mkdocs-material-extensions>=1.0",
    "mkdocs>=1.1",
    "pymdown-extensions>=7.0",
]

[[package]]
name = "mkdocs-material-extensions"
version = "1.0.1"
requires_python = ">=3.5"
summary = "Extension pack for Python Markdown."
dependencies = [
    "mkdocs-material>=5.0.0",
]

[[package]]
name = "nodeenv"
version = "1.6.0"
summary = "Node.js virtual environment builder"

[[package]]
name = "nox"
version = "2021.6.12"
requires_python = ">=3.6"
summary = "Flexible test automation."
dependencies = [
    "argcomplete<2.0,>=1.9.4",
    "colorlog<7.0.0,>=2.6.1",
    "importlib-metadata; python_version < \"3.8\"",
    "packaging>=20.9",
    "py<2.0.0,>=1.4.0",
    "virtualenv>=14.0.0",
]

[[package]]
name = "packaging"
version = "21.0"
requires_python = ">=3.6"
summary = "Core utilities for Python packages"
dependencies = [
    "pyparsing>=2.0.2",
]

[[package]]
name = "parver"
version = "0.3.1"
requires_python = ">=2.7,!=3.0.*,!=3.1.*,!=3.2.*,!=3.3.*"
summary = "Parse and manipulate version numbers."
dependencies = [
    "arpeggio~=1.7",
    "attrs>=19.2",
    "six~=1.13",
]

[[package]]
name = "pdm"
version = "1.6.4"
requires_python = ">=3.7"
summary = "Python Development Master"
dependencies = [
    "appdirs",
    "atoml~=1.0",
    "click>=7",
    "distlib>=0.3.1",
    "importlib-metadata; python_version < \"3.8\"",
    "pdm-pep517<0.8.0,>=0.7.0",
    "pep517",
    "pip>=20.1",
    "python-cfonts",
    "python-dotenv<1.0.0,>=0.15.0",
    "pythonfinder",
    "resolvelib<0.8.0,>=0.7.0",
    "shellingham<2.0.0,>=1.3.2",
    "wheel<1.0.0,>=0.36.2",
]

[[package]]
name = "pdm-pep517"
version = "0.7.4"
requires_python = ">=3.6"
summary = "A PEP 517 backend for PDM that supports PEP 621 metadata"

[[package]]
name = "pep517"
version = "0.10.0"
summary = "Wrappers to build Python packages using PEP 517 hooks"
dependencies = [
    "importlib-metadata; python_version < \"3.8\"",
    "toml",
    "zipp; python_version < \"3.8\"",
]

[[package]]
name = "pip"
version = "21.1.3"
requires_python = ">=3.6"
summary = "The PyPA recommended tool for installing Python packages."

[[package]]
name = "platformdirs"
version = "2.0.2"
requires_python = ">=2.7,!=3.0.*,!=3.1.*,!=3.2.*,!=3.3.*,!=3.4.*"
summary = "A small Python module for determining appropriate platform-specific dirs, e.g. a \"user data dir\"."

[[package]]
name = "pluggy"
version = "0.13.1"
requires_python = ">=2.7,!=3.0.*,!=3.1.*,!=3.2.*,!=3.3.*"
summary = "plugin and hook calling mechanisms for python"
dependencies = [
    "importlib-metadata>=0.12; python_version < \"3.8\"",
]

[[package]]
name = "pre-commit"
version = "2.13.0"
requires_python = ">=3.6.1"
summary = "A framework for managing and maintaining multi-language pre-commit hooks."
dependencies = [
    "cfgv>=2.0.0",
    "identify>=1.0.0",
    "importlib-metadata; python_version < \"3.8\"",
    "nodeenv>=0.11.1",
    "pyyaml>=5.1",
    "toml",
    "virtualenv>=20.0.8",
]

[[package]]
name = "py"
version = "1.10.0"
requires_python = ">=2.7,!=3.0.*,!=3.1.*,!=3.2.*,!=3.3.*"
summary = "library with cross-python path, ini-parsing, io, code, log facilities"

[[package]]
name = "Pygments"
version = "2.9.0"
requires_python = ">=3.5"
summary = "Pygments is a syntax highlighting package written in Python."

[[package]]
name = "pymdown-extensions"
version = "8.2"
requires_python = ">=3.6"
summary = "Extension pack for Python Markdown."
dependencies = [
    "Markdown>=3.2",
]

[[package]]
name = "pyparsing"
version = "2.4.7"
requires_python = ">=2.6,!=3.0.*,!=3.1.*,!=3.2.*"
summary = "Python parsing module"

[[package]]
name = "pytest"
version = "6.2.4"
requires_python = ">=3.6"
summary = "pytest: simple powerful testing with Python"
dependencies = [
    "atomicwrites>=1.0; sys_platform == \"win32\"",
    "attrs>=19.2.0",
    "colorama; sys_platform == \"win32\"",
    "importlib-metadata>=0.12; python_version < \"3.8\"",
    "iniconfig",
    "packaging",
    "pluggy<1.0.0a1,>=0.12",
    "py>=1.8.2",
    "toml",
]

[[package]]
name = "pytest-mock"
version = "3.6.1"
requires_python = ">=3.6"
summary = "Thin-wrapper around the mock package for easier use with pytest"
dependencies = [
    "pytest>=5.0",
]

[[package]]
name = "python-cfonts"
version = "1.5.2"
requires_python = ">=3.6"
summary = "Sexy fonts for the console"
dependencies = [
    "colorama",
]

[[package]]
name = "python-dateutil"
version = "2.8.2"
requires_python = ">=2.7,!=3.0.*,!=3.1.*,!=3.2.*"
summary = "Extensions to the standard Python datetime module"
dependencies = [
    "six>=1.5",
]

[[package]]
name = "python-dotenv"
version = "0.18.0"
summary = "Read key-value pairs from a .env file and set them as environment variables"

[[package]]
name = "pythonfinder"
version = "1.2.7"
requires_python = ">=2.7,!=3.0.*,!=3.1.*,!=3.2.*,!=3.3.*"
summary = "A cross-platform python discovery tool to help locate python on any system."
dependencies = [
    "attrs",
    "cached-property",
    "click",
    "packaging",
    "six",
]

[[package]]
name = "PyYAML"
version = "5.4.1"
requires_python = ">=2.7,!=3.0.*,!=3.1.*,!=3.2.*,!=3.3.*,!=3.4.*,!=3.5.*"
summary = "YAML parser and emitter for Python"

[[package]]
name = "pyyaml-env-tag"
version = "0.1"
requires_python = ">=3.6"
summary = "A custom YAML tag for referencing environment variables in YAML files. "
dependencies = [
    "pyyaml",
]

[[package]]
name = "resolvelib"
version = "0.7.1"
summary = "Resolve abstract dependencies into concrete ones"

[[package]]
name = "shellingham"
version = "1.4.0"
requires_python = ">=2.6,!=3.0.0,!=3.1.0,!=3.2.0,!=3.3.0"
summary = "Tool to Detect Surrounding Shell"

[[package]]
name = "six"
version = "1.16.0"
requires_python = ">=2.7,!=3.0.*,!=3.1.*,!=3.2.*"
summary = "Python 2 and 3 compatibility utilities"

[[package]]
name = "toml"
version = "0.10.2"
requires_python = ">=2.6,!=3.0.*,!=3.1.*,!=3.2.*"
summary = "Python Library for Tom's Obvious, Minimal Language"

[[package]]
name = "towncrier"
version = "19.9.0"
summary = "Building newsfiles for your project."
dependencies = [
    "click",
    "click-default-group",
    "incremental",
    "jinja2",
    "toml",
]

[[package]]
name = "typing-extensions"
version = "3.10.0.0"
summary = "Backported and Experimental Type Hints for Python 3.5+"

[[package]]
name = "virtualenv"
version = "20.5.0"
requires_python = ">=2.7,!=3.0.*,!=3.1.*,!=3.2.*,!=3.3.*,!=3.4.*"
summary = "Virtual Python Environment builder"
dependencies = [
    "backports.entry-points-selectable>=1.0.4",
    "distlib<1,>=0.3.1",
    "filelock<4,>=3.0.0",
    "importlib-metadata>=0.12; python_version < \"3.8\"",
    "platformdirs<3,>=2",
    "six<2,>=1.9.0",
]

[[package]]
name = "watchdog"
version = "2.1.3"
requires_python = ">=3.6"
summary = "Filesystem events monitoring"

[[package]]
name = "wheel"
version = "0.36.2"
requires_python = ">=2.7,!=3.0.*,!=3.1.*,!=3.2.*,!=3.3.*,!=3.4.*"
summary = "A built-package format for Python"

[[package]]
name = "zipp"
version = "3.5.0"
requires_python = ">=3.6"
summary = "Backport of pathlib-compatible object wrapper for zip files"

[metadata]
lock_version = "3"
content_hash = "sha256:523be0854ea869365945cdbb00ea54cf517a6abf182fea9b16501dc1211236c0"

[metadata.files]
"appdirs 1.4.4" = [
    {file = "appdirs-1.4.4-py2.py3-none-any.whl", hash = "sha256:a841dacd6b99318a741b166adb07e19ee71a274450e68237b4650ca1055ab128"},
    {file = "appdirs-1.4.4.tar.gz", hash = "sha256:7d5d0167b2b1ba821647616af46a749d1c653740dd0d2415100fe26e27afdf41"},
]
"argcomplete 1.12.3" = [
    {file = "argcomplete-1.12.3-py2.py3-none-any.whl", hash = "sha256:291f0beca7fd49ce285d2f10e4c1c77e9460cf823eef2de54df0c0fec88b0d81"},
    {file = "argcomplete-1.12.3.tar.gz", hash = "sha256:2c7dbffd8c045ea534921e63b0be6fe65e88599990d8dc408ac8c542b72a5445"},
]
"arpeggio 1.10.2" = [
    {file = "Arpeggio-1.10.2-py2.py3-none-any.whl", hash = "sha256:fed68a1cb7f529cbd4d725597cc811b7506885fcdef17d4cdcf564341a1e210b"},
    {file = "Arpeggio-1.10.2.tar.gz", hash = "sha256:bfe349f252f82f82d84cb886f1d5081d1a31451e6045275e9f90b65d0daa06f1"},
]
"atomicwrites 1.4.0" = [
    {file = "atomicwrites-1.4.0-py2.py3-none-any.whl", hash = "sha256:6d1784dea7c0c8d4a5172b6c620f40b6e4cbfdf96d783691f2e1302a7b88e197"},
    {file = "atomicwrites-1.4.0.tar.gz", hash = "sha256:ae70396ad1a434f9c7046fd2dd196fc04b12f9e91ffb859164193be8b6168a7a"},
]
"atoml 1.0.2" = [
    {file = "atoml-1.0.2-py3-none-any.whl", hash = "sha256:89fd71a33f233da040d2ffdddd6f72a03771131c2ddacf9becb4ac0b2860471f"},
    {file = "atoml-1.0.2.tar.gz", hash = "sha256:6bb0c219304ad63b0a567227ad34ccfd56c197fafed3120d4eca720b885397a0"},
]
"attrs 21.2.0" = [
    {file = "attrs-21.2.0-py2.py3-none-any.whl", hash = "sha256:149e90d6d8ac20db7a955ad60cf0e6881a3f20d37096140088356da6c716b0b1"},
    {file = "attrs-21.2.0.tar.gz", hash = "sha256:ef6aaac3ca6cd92904cdd0d83f629a15f18053ec84e6432106f7a4d04ae4f5fb"},
]
"backports.entry-points-selectable 1.1.0" = [
    {file = "backports.entry_points_selectable-1.1.0-py2.py3-none-any.whl", hash = "sha256:a6d9a871cde5e15b4c4a53e3d43ba890cc6861ec1332c9c2428c92f977192acc"},
    {file = "backports.entry_points_selectable-1.1.0.tar.gz", hash = "sha256:988468260ec1c196dab6ae1149260e2f5472c9110334e5d51adcb77867361f6a"},
]
"cached-property 1.5.2" = [
    {file = "cached_property-1.5.2-py2.py3-none-any.whl", hash = "sha256:df4f613cf7ad9a588cc381aaf4a512d26265ecebd5eb9e1ba12f1319eb85a6a0"},
    {file = "cached-property-1.5.2.tar.gz", hash = "sha256:9fa5755838eecbb2d234c3aa390bd80fbd3ac6b6869109bfc1b499f7bd89a130"},
]
"cfgv 3.3.0" = [
    {file = "cfgv-3.3.0-py2.py3-none-any.whl", hash = "sha256:b449c9c6118fe8cca7fa5e00b9ec60ba08145d281d52164230a69211c5d597a1"},
    {file = "cfgv-3.3.0.tar.gz", hash = "sha256:9e600479b3b99e8af981ecdfc80a0296104ee610cab48a5ae4ffd0b668650eb1"},
]
"click 8.0.1" = [
    {file = "click-8.0.1-py3-none-any.whl", hash = "sha256:fba402a4a47334742d782209a7c79bc448911afe1149d07bdabdf480b3e2f4b6"},
    {file = "click-8.0.1.tar.gz", hash = "sha256:8c04c11192119b1ef78ea049e0a6f0463e4c48ef00a30160c704337586f3ad7a"},
]
"click-default-group 1.2.2" = [
    {file = "click-default-group-1.2.2.tar.gz", hash = "sha256:d9560e8e8dfa44b3562fbc9425042a0fd6d21956fcc2db0077f63f34253ab904"},
]
"colorama 0.4.4" = [
    {file = "colorama-0.4.4-py2.py3-none-any.whl", hash = "sha256:9f47eda37229f68eee03b24b9748937c7dc3868f906e8ba69fbcbdd3bc5dc3e2"},
    {file = "colorama-0.4.4.tar.gz", hash = "sha256:5941b2b48a20143d2267e95b1c2a7603ce057ee39fd88e7329b0c292aa16869b"},
]
"colorlog 5.0.1" = [
    {file = "colorlog-5.0.1-py2.py3-none-any.whl", hash = "sha256:4e6be13d9169254e2ded6526a6a4a1abb8ac564f2fa65b310a98e4ca5bea2c04"},
    {file = "colorlog-5.0.1.tar.gz", hash = "sha256:f17c013a06962b02f4449ee07cfdbe6b287df29efc2c9a1515b4a376f4e588ea"},
]
"distlib 0.3.2" = [
    {file = "distlib-0.3.2-py2.py3-none-any.whl", hash = "sha256:23e223426b28491b1ced97dc3bbe183027419dfc7982b4fa2f05d5f3ff10711c"},
    {file = "distlib-0.3.2.zip", hash = "sha256:106fef6dc37dd8c0e2c0a60d3fca3e77460a48907f335fa28420463a6f799736"},
]
"filelock 3.0.12" = [
    {file = "filelock-3.0.12-py3-none-any.whl", hash = "sha256:929b7d63ec5b7d6b71b0fa5ac14e030b3f70b75747cef1b10da9b879fef15836"},
    {file = "filelock-3.0.12.tar.gz", hash = "sha256:18d82244ee114f543149c66a6e0c14e9c4f8a1044b5cdaadd0f82159d6a6ff59"},
]
"ghp-import 2.0.1" = [
    {file = "ghp-import-2.0.1.tar.gz", hash = "sha256:753de2eace6e0f7d4edfb3cce5e3c3b98cd52aadb80163303d1d036bda7b4483"},
]
"identify 2.2.11" = [
    {file = "identify-2.2.11-py2.py3-none-any.whl", hash = "sha256:7abaecbb414e385752e8ce02d8c494f4fbc780c975074b46172598a28f1ab839"},
    {file = "identify-2.2.11.tar.gz", hash = "sha256:a0e700637abcbd1caae58e0463861250095dfe330a8371733a471af706a4a29a"},
]
"importlib-metadata 4.6.1" = [
    {file = "importlib_metadata-4.6.1-py3-none-any.whl", hash = "sha256:9f55f560e116f8643ecf2922d9cd3e1c7e8d52e683178fecd9d08f6aa357e11e"},
    {file = "importlib_metadata-4.6.1.tar.gz", hash = "sha256:079ada16b7fc30dfbb5d13399a5113110dab1aa7c2bc62f66af75f0b717c8cac"},
]
"incremental 21.3.0" = [
    {file = "incremental-21.3.0-py2.py3-none-any.whl", hash = "sha256:92014aebc6a20b78a8084cdd5645eeaa7f74b8933f70fa3ada2cfbd1e3b54321"},
    {file = "incremental-21.3.0.tar.gz", hash = "sha256:02f5de5aff48f6b9f665d99d48bfc7ec03b6e3943210de7cfc88856d755d6f57"},
]
"iniconfig 1.1.1" = [
    {file = "iniconfig-1.1.1-py2.py3-none-any.whl", hash = "sha256:011e24c64b7f47f6ebd835bb12a743f2fbe9a26d4cecaa7f53bc4f35ee9da8b3"},
    {file = "iniconfig-1.1.1.tar.gz", hash = "sha256:bc3af051d7d14b2ee5ef9969666def0cd1a000e121eaea580d4a313df4b37f32"},
]
"jinja2 3.0.1" = [
    {file = "Jinja2-3.0.1-py3-none-any.whl", hash = "sha256:1f06f2da51e7b56b8f238affdd6b4e2c61e39598a378cc49345bc1bd42a978a4"},
    {file = "Jinja2-3.0.1.tar.gz", hash = "sha256:703f484b47a6af502e743c9122595cc812b0271f661722403114f71a79d0f5a4"},
]
"markdown 3.3.4" = [
    {file = "Markdown-3.3.4-py3-none-any.whl", hash = "sha256:96c3ba1261de2f7547b46a00ea8463832c921d3f9d6aba3f255a6f71386db20c"},
    {file = "Markdown-3.3.4.tar.gz", hash = "sha256:31b5b491868dcc87d6c24b7e3d19a0d730d59d3e46f4eea6430a321bed387a49"},
]
"markupsafe 2.0.1" = [
    {file = "MarkupSafe-2.0.1-cp36-cp36m-macosx_10_9_x86_64.whl", hash = "sha256:f9081981fe268bd86831e5c75f7de206ef275defcb82bc70740ae6dc507aee51"},
    {file = "MarkupSafe-2.0.1-cp36-cp36m-manylinux1_i686.whl", hash = "sha256:0955295dd5eec6cb6cc2fe1698f4c6d84af2e92de33fbcac4111913cd100a6ff"},
    {file = "MarkupSafe-2.0.1-cp36-cp36m-manylinux1_x86_64.whl", hash = "sha256:0446679737af14f45767963a1a9ef7620189912317d095f2d9ffa183a4d25d2b"},
    {file = "MarkupSafe-2.0.1-cp36-cp36m-manylinux2010_i686.whl", hash = "sha256:f826e31d18b516f653fe296d967d700fddad5901ae07c622bb3705955e1faa94"},
    {file = "MarkupSafe-2.0.1-cp36-cp36m-manylinux2010_x86_64.whl", hash = "sha256:fa130dd50c57d53368c9d59395cb5526eda596d3ffe36666cd81a44d56e48872"},
    {file = "MarkupSafe-2.0.1-cp36-cp36m-manylinux2014_aarch64.whl", hash = "sha256:905fec760bd2fa1388bb5b489ee8ee5f7291d692638ea5f67982d968366bef9f"},
    {file = "MarkupSafe-2.0.1-cp36-cp36m-win32.whl", hash = "sha256:6c4ca60fa24e85fe25b912b01e62cb969d69a23a5d5867682dd3e80b5b02581d"},
    {file = "MarkupSafe-2.0.1-cp36-cp36m-win_amd64.whl", hash = "sha256:b2f4bf27480f5e5e8ce285a8c8fd176c0b03e93dcc6646477d4630e83440c6a9"},
    {file = "MarkupSafe-2.0.1-cp37-cp37m-macosx_10_9_x86_64.whl", hash = "sha256:0717a7390a68be14b8c793ba258e075c6f4ca819f15edfc2a3a027c823718567"},
    {file = "MarkupSafe-2.0.1-cp37-cp37m-manylinux1_i686.whl", hash = "sha256:6557b31b5e2c9ddf0de32a691f2312a32f77cd7681d8af66c2692efdbef84c18"},
    {file = "MarkupSafe-2.0.1-cp37-cp37m-manylinux1_x86_64.whl", hash = "sha256:49e3ceeabbfb9d66c3aef5af3a60cc43b85c33df25ce03d0031a608b0a8b2e3f"},
    {file = "MarkupSafe-2.0.1-cp37-cp37m-manylinux2010_i686.whl", hash = "sha256:d7f9850398e85aba693bb640262d3611788b1f29a79f0c93c565694658f4071f"},
    {file = "MarkupSafe-2.0.1-cp37-cp37m-manylinux2010_x86_64.whl", hash = "sha256:6a7fae0dd14cf60ad5ff42baa2e95727c3d81ded453457771d02b7d2b3f9c0c2"},
    {file = "MarkupSafe-2.0.1-cp37-cp37m-manylinux2014_aarch64.whl", hash = "sha256:b7f2d075102dc8c794cbde1947378051c4e5180d52d276987b8d28a3bd58c17d"},
    {file = "MarkupSafe-2.0.1-cp37-cp37m-win32.whl", hash = "sha256:a30e67a65b53ea0a5e62fe23682cfe22712e01f453b95233b25502f7c61cb415"},
    {file = "MarkupSafe-2.0.1-cp37-cp37m-win_amd64.whl", hash = "sha256:611d1ad9a4288cf3e3c16014564df047fe08410e628f89805e475368bd304914"},
    {file = "MarkupSafe-2.0.1-cp38-cp38-macosx_10_9_x86_64.whl", hash = "sha256:be98f628055368795d818ebf93da628541e10b75b41c559fdf36d104c5787066"},
    {file = "MarkupSafe-2.0.1-cp38-cp38-manylinux1_i686.whl", hash = "sha256:1d609f577dc6e1aa17d746f8bd3c31aa4d258f4070d61b2aa5c4166c1539de35"},
    {file = "MarkupSafe-2.0.1-cp38-cp38-manylinux1_x86_64.whl", hash = "sha256:7d91275b0245b1da4d4cfa07e0faedd5b0812efc15b702576d103293e252af1b"},
    {file = "MarkupSafe-2.0.1-cp38-cp38-manylinux2010_i686.whl", hash = "sha256:01a9b8ea66f1658938f65b93a85ebe8bc016e6769611be228d797c9d998dd298"},
    {file = "MarkupSafe-2.0.1-cp38-cp38-manylinux2010_x86_64.whl", hash = "sha256:47ab1e7b91c098ab893b828deafa1203de86d0bc6ab587b160f78fe6c4011f75"},
    {file = "MarkupSafe-2.0.1-cp38-cp38-manylinux2014_aarch64.whl", hash = "sha256:97383d78eb34da7e1fa37dd273c20ad4320929af65d156e35a5e2d89566d9dfb"},
    {file = "MarkupSafe-2.0.1-cp38-cp38-win32.whl", hash = "sha256:023cb26ec21ece8dc3907c0e8320058b2e0cb3c55cf9564da612bc325bed5e64"},
    {file = "MarkupSafe-2.0.1-cp38-cp38-win_amd64.whl", hash = "sha256:984d76483eb32f1bcb536dc27e4ad56bba4baa70be32fa87152832cdd9db0833"},
    {file = "MarkupSafe-2.0.1-cp39-cp39-macosx_10_9_universal2.whl", hash = "sha256:2ef54abee730b502252bcdf31b10dacb0a416229b72c18b19e24a4509f273d26"},
    {file = "MarkupSafe-2.0.1-cp39-cp39-macosx_10_9_x86_64.whl", hash = "sha256:3c112550557578c26af18a1ccc9e090bfe03832ae994343cfdacd287db6a6ae7"},
    {file = "MarkupSafe-2.0.1-cp39-cp39-manylinux1_i686.whl", hash = "sha256:53edb4da6925ad13c07b6d26c2a852bd81e364f95301c66e930ab2aef5b5ddd8"},
    {file = "MarkupSafe-2.0.1-cp39-cp39-manylinux1_x86_64.whl", hash = "sha256:f5653a225f31e113b152e56f154ccbe59eeb1c7487b39b9d9f9cdb58e6c79dc5"},
    {file = "MarkupSafe-2.0.1-cp39-cp39-manylinux2010_i686.whl", hash = "sha256:4efca8f86c54b22348a5467704e3fec767b2db12fc39c6d963168ab1d3fc9135"},
    {file = "MarkupSafe-2.0.1-cp39-cp39-manylinux2010_x86_64.whl", hash = "sha256:ab3ef638ace319fa26553db0624c4699e31a28bb2a835c5faca8f8acf6a5a902"},
    {file = "MarkupSafe-2.0.1-cp39-cp39-manylinux2014_aarch64.whl", hash = "sha256:f8ba0e8349a38d3001fae7eadded3f6606f0da5d748ee53cc1dab1d6527b9509"},
    {file = "MarkupSafe-2.0.1-cp39-cp39-win32.whl", hash = "sha256:10f82115e21dc0dfec9ab5c0223652f7197feb168c940f3ef61563fc2d6beb74"},
    {file = "MarkupSafe-2.0.1-cp39-cp39-win_amd64.whl", hash = "sha256:693ce3f9e70a6cf7d2fb9e6c9d8b204b6b39897a2c4a1aa65728d5ac97dcc1d8"},
    {file = "MarkupSafe-2.0.1.tar.gz", hash = "sha256:594c67807fb16238b30c44bdf74f36c02cdf22d1c8cda91ef8a0ed8dabf5620a"},
]
"mergedeep 1.3.4" = [
    {file = "mergedeep-1.3.4-py3-none-any.whl", hash = "sha256:70775750742b25c0d8f36c55aed03d24c3384d17c951b3175d898bd778ef0307"},
    {file = "mergedeep-1.3.4.tar.gz", hash = "sha256:0096d52e9dad9939c3d975a774666af186eda617e6ca84df4c94dec30004f2a8"},
]
"mkdocs 1.2.1" = [
    {file = "mkdocs-1.2.1-py3-none-any.whl", hash = "sha256:11141126e5896dd9d279b3e4814eb488e409a0990fb638856255020406a8e2e7"},
    {file = "mkdocs-1.2.1.tar.gz", hash = "sha256:6e0ea175366e3a50d334597b0bc042b8cebd512398cdd3f6f34842d0ef524905"},
]
"mkdocs-material 6.2.8" = [
    {file = "mkdocs_material-6.2.8-py2.py3-none-any.whl", hash = "sha256:c9b63d709d29778aa3dafc7178b6a8c655b00937be2594aab016d1423696c792"},
    {file = "mkdocs-material-6.2.8.tar.gz", hash = "sha256:ce2f4a71e5db49540d71fd32f9afba7645765f7eca391e560d1d27f947eb344c"},
]
"mkdocs-material-extensions 1.0.1" = [
    {file = "mkdocs_material_extensions-1.0.1-py3-none-any.whl", hash = "sha256:d90c807a88348aa6d1805657ec5c0b2d8d609c110e62b9dce4daf7fa981fa338"},
    {file = "mkdocs-material-extensions-1.0.1.tar.gz", hash = "sha256:6947fb7f5e4291e3c61405bad3539d81e0b3cd62ae0d66ced018128af509c68f"},
]
"nodeenv 1.6.0" = [
    {file = "nodeenv-1.6.0-py2.py3-none-any.whl", hash = "sha256:621e6b7076565ddcacd2db0294c0381e01fd28945ab36bcf00f41c5daf63bef7"},
    {file = "nodeenv-1.6.0.tar.gz", hash = "sha256:3ef13ff90291ba2a4a7a4ff9a979b63ffdd00a464dbe04acf0ea6471517a4c2b"},
]
"nox 2021.6.12" = [
    {file = "nox-2021.6.12-py3-none-any.whl", hash = "sha256:1e90df301f6622efb1c29d1586e5a5755846b1eb99b2764230304f8fa31d1734"},
    {file = "nox-2021.6.12.tar.gz", hash = "sha256:955dbeb8e657a08226f8c1c8f8d1e2a40fe5438a792056314f351e504639a80f"},
]
"packaging 21.0" = [
    {file = "packaging-21.0-py3-none-any.whl", hash = "sha256:c86254f9220d55e31cc94d69bade760f0847da8000def4dfe1c6b872fd14ff14"},
    {file = "packaging-21.0.tar.gz", hash = "sha256:7dc96269f53a4ccec5c0670940a4281106dd0bb343f47b7471f779df49c2fbe7"},
]
"parver 0.3.1" = [
    {file = "parver-0.3.1-py2.py3-none-any.whl", hash = "sha256:41a548c51b006a2f2522b54293cbfd2514bffa10774ece8430c9964a20cbd8b4"},
    {file = "parver-0.3.1.tar.gz", hash = "sha256:c902e0653bcce927cc156a7fd9b3a51924cbce3bf3d0bfd49fc282bfd0c5dfd3"},
]
"pdm 1.6.4" = [
    {file = "pdm-1.6.4-py3-none-any.whl", hash = "sha256:b621252712e11e0d81c720dc422db0c547e56d92f8bcfaf1af6dcc7e2025e74a"},
    {file = "pdm-1.6.4.tar.gz", hash = "sha256:6c3ab53fba8fa33811fd1c3cf4652f05d0081f5e3c2885b8690c874c8d77c999"},
]
"pdm-pep517 0.7.4" = [
    {file = "pdm_pep517-0.7.4-py3-none-any.whl", hash = "sha256:1e9b1eeddc9ab208f44dac18a3192eadb8b7a431aa50f707e6bdb5e353bd40f9"},
    {file = "pdm-pep517-0.7.4.tar.gz", hash = "sha256:538409c63131d6c52ce8dc7dd3d78a033dcdad07f1c71f542add77e70fa9cb55"},
]
"pep517 0.10.0" = [
    {file = "pep517-0.10.0-py2.py3-none-any.whl", hash = "sha256:eba39d201ef937584ad3343df3581069085bacc95454c80188291d5b3ac7a249"},
    {file = "pep517-0.10.0.tar.gz", hash = "sha256:ac59f3f6b9726a49e15a649474539442cf76e0697e39df4869d25e68e880931b"},
]
"pip 21.1.3" = [
    {file = "pip-21.1.3-py3-none-any.whl", hash = "sha256:78cb760711fedc073246543801c84dc5377affead832e103ad0211f99303a204"},
    {file = "pip-21.1.3.tar.gz", hash = "sha256:b5b1eb91b36894bd01b8e5a56a422c2f3838573da0b0a1c63a096bb454e3b23f"},
]
"platformdirs 2.0.2" = [
    {file = "platformdirs-2.0.2-py2.py3-none-any.whl", hash = "sha256:0b9547541f599d3d242078ae60b927b3e453f0ad52f58b4d4bc3be86aed3ec41"},
    {file = "platformdirs-2.0.2.tar.gz", hash = "sha256:3b00d081227d9037bbbca521a5787796b5ef5000faea1e43fd76f1d44b06fcfa"},
]
"pluggy 0.13.1" = [
    {file = "pluggy-0.13.1-py2.py3-none-any.whl", hash = "sha256:966c145cd83c96502c3c3868f50408687b38434af77734af1e9ca461a4081d2d"},
    {file = "pluggy-0.13.1.tar.gz", hash = "sha256:15b2acde666561e1298d71b523007ed7364de07029219b604cf808bfa1c765b0"},
]
"pre-commit 2.13.0" = [
    {file = "pre_commit-2.13.0-py2.py3-none-any.whl", hash = "sha256:b679d0fddd5b9d6d98783ae5f10fd0c4c59954f375b70a58cbe1ce9bcf9809a4"},
    {file = "pre_commit-2.13.0.tar.gz", hash = "sha256:764972c60693dc668ba8e86eb29654ec3144501310f7198742a767bec385a378"},
]
"py 1.10.0" = [
    {file = "py-1.10.0-py2.py3-none-any.whl", hash = "sha256:3b80836aa6d1feeaa108e046da6423ab8f6ceda6468545ae8d02d9d58d18818a"},
    {file = "py-1.10.0.tar.gz", hash = "sha256:21b81bda15b66ef5e1a777a21c4dcd9c20ad3efd0b3f817e7a809035269e1bd3"},
]
"pygments 2.9.0" = [
    {file = "Pygments-2.9.0-py3-none-any.whl", hash = "sha256:d66e804411278594d764fc69ec36ec13d9ae9147193a1740cd34d272ca383b8e"},
    {file = "Pygments-2.9.0.tar.gz", hash = "sha256:a18f47b506a429f6f4b9df81bb02beab9ca21d0a5fee38ed15aef65f0545519f"},
]
"pymdown-extensions 8.2" = [
    {file = "pymdown_extensions-8.2-py3-none-any.whl", hash = "sha256:141452d8ed61165518f2c923454bf054866b85cf466feedb0eb68f04acdc2560"},
    {file = "pymdown-extensions-8.2.tar.gz", hash = "sha256:b6daa94aad9e1310f9c64c8b1f01e4ce82937ab7eb53bfc92876a97aca02a6f4"},
]
"pyparsing 2.4.7" = [
    {file = "pyparsing-2.4.7-py2.py3-none-any.whl", hash = "sha256:ef9d7589ef3c200abe66653d3f1ab1033c3c419ae9b9bdb1240a85b024efc88b"},
    {file = "pyparsing-2.4.7.tar.gz", hash = "sha256:c203ec8783bf771a155b207279b9bccb8dea02d8f0c9e5f8ead507bc3246ecc1"},
]
"pytest 6.2.4" = [
    {file = "pytest-6.2.4-py3-none-any.whl", hash = "sha256:91ef2131a9bd6be8f76f1f08eac5c5317221d6ad1e143ae03894b862e8976890"},
    {file = "pytest-6.2.4.tar.gz", hash = "sha256:50bcad0a0b9c5a72c8e4e7c9855a3ad496ca6a881a3641b4260605450772c54b"},
]
"pytest-mock 3.6.1" = [
    {file = "pytest_mock-3.6.1-py3-none-any.whl", hash = "sha256:30c2f2cc9759e76eee674b81ea28c9f0b94f8f0445a1b87762cadf774f0df7e3"},
    {file = "pytest-mock-3.6.1.tar.gz", hash = "sha256:40217a058c52a63f1042f0784f62009e976ba824c418cced42e88d5f40ab0e62"},
]
"python-cfonts 1.5.2" = [
    {file = "python_cfonts-1.5.2-py3-none-any.whl", hash = "sha256:88ddfffae675a2bc4e796baf057c5b989541a710bef4ac3e739edfbb388027ed"},
    {file = "python-cfonts-1.5.2.tar.gz", hash = "sha256:85588e71003c7db986afaaa65755bad034c9f10ed29b32c5f2dc18ce9d77c030"},
]
"python-dateutil 2.8.2" = [
    {file = "python_dateutil-2.8.2-py2.py3-none-any.whl", hash = "sha256:961d03dc3453ebbc59dbdea9e4e11c5651520a876d0f4db161e8674aae935da9"},
    {file = "python-dateutil-2.8.2.tar.gz", hash = "sha256:0123cacc1627ae19ddf3c27a5de5bd67ee4586fbdd6440d9748f8abb483d3e86"},
]
"python-dotenv 0.18.0" = [
    {file = "python_dotenv-0.18.0-py2.py3-none-any.whl", hash = "sha256:dd8fe852847f4fbfadabf6183ddd4c824a9651f02d51714fa075c95561959c7d"},
    {file = "python-dotenv-0.18.0.tar.gz", hash = "sha256:effaac3c1e58d89b3ccb4d04a40dc7ad6e0275fda25fd75ae9d323e2465e202d"},
]
"pythonfinder 1.2.7" = [
    {file = "pythonfinder-1.2.7-py2.py3-none-any.whl", hash = "sha256:d3120b9eb200cb817f3e2fc5a5b4a2d061224377de8f007fc19217ace82d209d"},
    {file = "pythonfinder-1.2.7.tar.gz", hash = "sha256:951796d7b195d09f2341087110feb903772477525272c8c1a48033fb08c0332e"},
]
"pyyaml 5.4.1" = [
    {file = "PyYAML-5.4.1-cp27-cp27m-macosx_10_9_x86_64.whl", hash = "sha256:3b2b1824fe7112845700f815ff6a489360226a5609b96ec2190a45e62a9fc922"},
    {file = "PyYAML-5.4.1-cp27-cp27m-win32.whl", hash = "sha256:129def1b7c1bf22faffd67b8f3724645203b79d8f4cc81f674654d9902cb4393"},
    {file = "PyYAML-5.4.1-cp27-cp27m-win_amd64.whl", hash = "sha256:4465124ef1b18d9ace298060f4eccc64b0850899ac4ac53294547536533800c8"},
    {file = "PyYAML-5.4.1-cp27-cp27mu-manylinux1_x86_64.whl", hash = "sha256:bb4191dfc9306777bc594117aee052446b3fa88737cd13b7188d0e7aa8162185"},
    {file = "PyYAML-5.4.1-cp36-cp36m-macosx_10_9_x86_64.whl", hash = "sha256:6c78645d400265a062508ae399b60b8c167bf003db364ecb26dcab2bda048253"},
    {file = "PyYAML-5.4.1-cp36-cp36m-manylinux1_x86_64.whl", hash = "sha256:4e0583d24c881e14342eaf4ec5fbc97f934b999a6828693a99157fde912540cc"},
    {file = "PyYAML-5.4.1-cp36-cp36m-manylinux2014_aarch64.whl", hash = "sha256:72a01f726a9c7851ca9bfad6fd09ca4e090a023c00945ea05ba1638c09dc3347"},
    {file = "PyYAML-5.4.1-cp36-cp36m-manylinux2014_s390x.whl", hash = "sha256:895f61ef02e8fed38159bb70f7e100e00f471eae2bc838cd0f4ebb21e28f8541"},
    {file = "PyYAML-5.4.1-cp36-cp36m-win32.whl", hash = "sha256:3bd0e463264cf257d1ffd2e40223b197271046d09dadf73a0fe82b9c1fc385a5"},
    {file = "PyYAML-5.4.1-cp36-cp36m-win_amd64.whl", hash = "sha256:e4fac90784481d221a8e4b1162afa7c47ed953be40d31ab4629ae917510051df"},
    {file = "PyYAML-5.4.1-cp37-cp37m-macosx_10_9_x86_64.whl", hash = "sha256:5accb17103e43963b80e6f837831f38d314a0495500067cb25afab2e8d7a4018"},
    {file = "PyYAML-5.4.1-cp37-cp37m-manylinux1_x86_64.whl", hash = "sha256:e1d4970ea66be07ae37a3c2e48b5ec63f7ba6804bdddfdbd3cfd954d25a82e63"},
    {file = "PyYAML-5.4.1-cp37-cp37m-manylinux2014_aarch64.whl", hash = "sha256:cb333c16912324fd5f769fff6bc5de372e9e7a202247b48870bc251ed40239aa"},
    {file = "PyYAML-5.4.1-cp37-cp37m-manylinux2014_s390x.whl", hash = "sha256:fe69978f3f768926cfa37b867e3843918e012cf83f680806599ddce33c2c68b0"},
    {file = "PyYAML-5.4.1-cp37-cp37m-win32.whl", hash = "sha256:dd5de0646207f053eb0d6c74ae45ba98c3395a571a2891858e87df7c9b9bd51b"},
    {file = "PyYAML-5.4.1-cp37-cp37m-win_amd64.whl", hash = "sha256:08682f6b72c722394747bddaf0aa62277e02557c0fd1c42cb853016a38f8dedf"},
    {file = "PyYAML-5.4.1-cp38-cp38-macosx_10_9_x86_64.whl", hash = "sha256:d2d9808ea7b4af864f35ea216be506ecec180628aced0704e34aca0b040ffe46"},
    {file = "PyYAML-5.4.1-cp38-cp38-manylinux1_x86_64.whl", hash = "sha256:8c1be557ee92a20f184922c7b6424e8ab6691788e6d86137c5d93c1a6ec1b8fb"},
    {file = "PyYAML-5.4.1-cp38-cp38-manylinux2014_aarch64.whl", hash = "sha256:fd7f6999a8070df521b6384004ef42833b9bd62cfee11a09bda1079b4b704247"},
    {file = "PyYAML-5.4.1-cp38-cp38-manylinux2014_s390x.whl", hash = "sha256:bfb51918d4ff3d77c1c856a9699f8492c612cde32fd3bcd344af9be34999bfdc"},
    {file = "PyYAML-5.4.1-cp38-cp38-win32.whl", hash = "sha256:fa5ae20527d8e831e8230cbffd9f8fe952815b2b7dae6ffec25318803a7528fc"},
    {file = "PyYAML-5.4.1-cp38-cp38-win_amd64.whl", hash = "sha256:0f5f5786c0e09baddcd8b4b45f20a7b5d61a7e7e99846e3c799b05c7c53fa696"},
    {file = "PyYAML-5.4.1-cp39-cp39-macosx_10_9_x86_64.whl", hash = "sha256:294db365efa064d00b8d1ef65d8ea2c3426ac366c0c4368d930bf1c5fb497f77"},
    {file = "PyYAML-5.4.1-cp39-cp39-manylinux1_x86_64.whl", hash = "sha256:74c1485f7707cf707a7aef42ef6322b8f97921bd89be2ab6317fd782c2d53183"},
    {file = "PyYAML-5.4.1-cp39-cp39-manylinux2014_aarch64.whl", hash = "sha256:d483ad4e639292c90170eb6f7783ad19490e7a8defb3e46f97dfe4bacae89122"},
    {file = "PyYAML-5.4.1-cp39-cp39-manylinux2014_s390x.whl", hash = "sha256:fdc842473cd33f45ff6bce46aea678a54e3d21f1b61a7750ce3c498eedfe25d6"},
    {file = "PyYAML-5.4.1-cp39-cp39-win32.whl", hash = "sha256:49d4cdd9065b9b6e206d0595fee27a96b5dd22618e7520c33204a4a3239d5b10"},
    {file = "PyYAML-5.4.1-cp39-cp39-win_amd64.whl", hash = "sha256:c20cfa2d49991c8b4147af39859b167664f2ad4561704ee74c1de03318e898db"},
    {file = "PyYAML-5.4.1.tar.gz", hash = "sha256:607774cbba28732bfa802b54baa7484215f530991055bb562efbed5b2f20a45e"},
]
"pyyaml-env-tag 0.1" = [
    {file = "pyyaml_env_tag-0.1-py3-none-any.whl", hash = "sha256:af31106dec8a4d68c60207c1886031cbf839b68aa7abccdb19868200532c2069"},
    {file = "pyyaml_env_tag-0.1.tar.gz", hash = "sha256:70092675bda14fdec33b31ba77e7543de9ddc88f2e5b99160396572d11525bdb"},
]
"resolvelib 0.7.1" = [
    {file = "resolvelib-0.7.1-py2.py3-none-any.whl", hash = "sha256:4bb1e7ec9b3054c3914cad1e715288b11091756bdb72af49fb8986931715a01a"},
    {file = "resolvelib-0.7.1.tar.gz", hash = "sha256:c526cda7f080d908846262d86c738231d9bfb556eb02d77167b685d65d85ace9"},
]
"shellingham 1.4.0" = [
    {file = "shellingham-1.4.0-py2.py3-none-any.whl", hash = "sha256:536b67a0697f2e4af32ab176c00a50ac2899c5a05e0d8e2dadac8e58888283f9"},
    {file = "shellingham-1.4.0.tar.gz", hash = "sha256:4855c2458d6904829bd34c299f11fdeed7cfefbf8a2c522e4caea6cd76b3171e"},
]
"six 1.16.0" = [
    {file = "six-1.16.0-py2.py3-none-any.whl", hash = "sha256:8abb2f1d86890a2dfb989f9a77cfcfd3e47c2a354b01111771326f8aa26e0254"},
    {file = "six-1.16.0.tar.gz", hash = "sha256:1e61c37477a1626458e36f7b1d82aa5c9b094fa4802892072e49de9c60c4c926"},
]
"toml 0.10.2" = [
    {file = "toml-0.10.2-py2.py3-none-any.whl", hash = "sha256:806143ae5bfb6a3c6e736a764057db0e6a0e05e338b5630894a5f779cabb4f9b"},
    {file = "toml-0.10.2.tar.gz", hash = "sha256:b3bda1d108d5dd99f4a20d24d9c348e91c4db7ab1b749200bded2f839ccbe68f"},
]
"towncrier 19.9.0" = [
    {file = "towncrier-19.9.0-py2.py3-none-any.whl", hash = "sha256:8726035bc95b1146640bf49ce8693465b54e37a791697e3119ab43dbe30a577a"},
    {file = "towncrier-19.9.0.tar.gz", hash = "sha256:19916889879353a8863f3de8cb1ef19b305a0b5cfd9d36159d76ca2fef08e9aa"},
]
"typing-extensions 3.10.0.0" = [
    {file = "typing_extensions-3.10.0.0-py2-none-any.whl", hash = "sha256:0ac0f89795dd19de6b97debb0c6af1c70987fd80a2d62d1958f7e56fcc31b497"},
    {file = "typing_extensions-3.10.0.0-py3-none-any.whl", hash = "sha256:779383f6086d90c99ae41cf0ff39aac8a7937a9283ce0a414e5dd782f4c94a84"},
    {file = "typing_extensions-3.10.0.0.tar.gz", hash = "sha256:50b6f157849174217d0656f99dc82fe932884fb250826c18350e159ec6cdf342"},
]
"virtualenv 20.5.0" = [
    {file = "virtualenv-20.5.0-py2.py3-none-any.whl", hash = "sha256:b7afa7f32abbf7dd4c24269a596cfbb0a422bb83c47215a785a7bf607cb88e1b"},
    {file = "virtualenv-20.5.0.tar.gz", hash = "sha256:6b0e3eeb6cb081c9c81ec85633785e29edcdf6ff271d70e0d1e2bd616495c08c"},
]
"watchdog 2.1.3" = [
    {file = "watchdog-2.1.3-cp36-cp36m-macosx_10_9_x86_64.whl", hash = "sha256:9628f3f85375a17614a2ab5eac7665f7f7be8b6b0a2a228e6f6a2e91dd4bfe26"},
    {file = "watchdog-2.1.3-cp37-cp37m-macosx_10_9_x86_64.whl", hash = "sha256:acc4e2d5be6f140f02ee8590e51c002829e2c33ee199036fcd61311d558d89f4"},
    {file = "watchdog-2.1.3-cp38-cp38-macosx_10_9_universal2.whl", hash = "sha256:85b851237cf3533fabbc034ffcd84d0fa52014b3121454e5f8b86974b531560c"},
    {file = "watchdog-2.1.3-cp38-cp38-macosx_10_9_x86_64.whl", hash = "sha256:a12539ecf2478a94e4ba4d13476bb2c7a2e0a2080af2bb37df84d88b1b01358a"},
    {file = "watchdog-2.1.3-cp38-cp38-macosx_11_0_arm64.whl", hash = "sha256:6fe9c8533e955c6589cfea6f3f0a1a95fb16867a211125236c82e1815932b5d7"},
    {file = "watchdog-2.1.3-cp39-cp39-macosx_10_9_universal2.whl", hash = "sha256:d9456f0433845e7153b102fffeb767bde2406b76042f2216838af3b21707894e"},
    {file = "watchdog-2.1.3-cp39-cp39-macosx_10_9_x86_64.whl", hash = "sha256:fd8c595d5a93abd441ee7c5bb3ff0d7170e79031520d113d6f401d0cf49d7c8f"},
    {file = "watchdog-2.1.3-cp39-cp39-macosx_11_0_arm64.whl", hash = "sha256:0bcfe904c7d404eb6905f7106c54873503b442e8e918cc226e1828f498bdc0ca"},
    {file = "watchdog-2.1.3-pp36-pypy36_pp73-macosx_10_9_x86_64.whl", hash = "sha256:bf84bd94cbaad8f6b9cbaeef43080920f4cb0e61ad90af7106b3de402f5fe127"},
    {file = "watchdog-2.1.3-pp37-pypy37_pp73-macosx_10_9_x86_64.whl", hash = "sha256:b8ddb2c9f92e0c686ea77341dcb58216fa5ff7d5f992c7278ee8a392a06e86bb"},
    {file = "watchdog-2.1.3-py3-none-manylinux2014_aarch64.whl", hash = "sha256:8805a5f468862daf1e4f4447b0ccf3acaff626eaa57fbb46d7960d1cf09f2e6d"},
    {file = "watchdog-2.1.3-py3-none-manylinux2014_armv7l.whl", hash = "sha256:3e305ea2757f81d8ebd8559d1a944ed83e3ab1bdf68bcf16ec851b97c08dc035"},
    {file = "watchdog-2.1.3-py3-none-manylinux2014_i686.whl", hash = "sha256:431a3ea70b20962e6dee65f0eeecd768cd3085ea613ccb9b53c8969de9f6ebd2"},
    {file = "watchdog-2.1.3-py3-none-manylinux2014_ppc64.whl", hash = "sha256:e4929ac2aaa2e4f1a30a36751160be391911da463a8799460340901517298b13"},
    {file = "watchdog-2.1.3-py3-none-manylinux2014_ppc64le.whl", hash = "sha256:201cadf0b8c11922f54ec97482f95b2aafca429c4c3a4bb869a14f3c20c32686"},
    {file = "watchdog-2.1.3-py3-none-manylinux2014_s390x.whl", hash = "sha256:3a7d242a7963174684206093846537220ee37ba9986b824a326a8bb4ef329a33"},
    {file = "watchdog-2.1.3-py3-none-manylinux2014_x86_64.whl", hash = "sha256:54e057727dd18bd01a3060dbf5104eb5a495ca26316487e0f32a394fd5fe725a"},
    {file = "watchdog-2.1.3-py3-none-win32.whl", hash = "sha256:b5fc5c127bad6983eecf1ad117ab3418949f18af9c8758bd10158be3647298a9"},
    {file = "watchdog-2.1.3-py3-none-win_amd64.whl", hash = "sha256:44acad6f642996a2b50bb9ce4fb3730dde08f23e79e20cd3d8e2a2076b730381"},
    {file = "watchdog-2.1.3-py3-none-win_ia64.whl", hash = "sha256:0bcdf7b99b56a3ae069866c33d247c9994ffde91b620eaf0306b27e099bd1ae0"},
    {file = "watchdog-2.1.3.tar.gz", hash = "sha256:e5236a8e8602ab6db4b873664c2d356c365ab3cac96fbdec4970ad616415dd45"},
]
"wheel 0.36.2" = [
    {file = "wheel-0.36.2-py2.py3-none-any.whl", hash = "sha256:78b5b185f0e5763c26ca1e324373aadd49182ca90e825f7853f4b2509215dc0e"},
    {file = "wheel-0.36.2.tar.gz", hash = "sha256:e11eefd162658ea59a60a0f6c7d493a7190ea4b9a85e335b33489d9f17e0245e"},
]
"zipp 3.5.0" = [
    {file = "zipp-3.5.0-py3-none-any.whl", hash = "sha256:957cfda87797e389580cb8b9e3870841ca991e2125350677b2ca83a0e99390a3"},
    {file = "zipp-3.5.0.tar.gz", hash = "sha256:f5812b1e007e48cff63449a5e9f4e7ebea716b4111f9c4f9a645f91d579bf0c4"},
]
