[[package]]
name = "argcomplete"
version = "1.12.3"
summary = "Bash tab completion for argparse"
dependencies = [
    "importlib-metadata<5,>=0.23; python_version == \"3.7\"",
]

[[package]]
name = "arpeggio"
version = "1.10.2"
summary = "Packrat parser interpreter"

[[package]]
name = "atomicwrites"
version = "1.4.0"
requires_python = ">=2.7, !=3.0.*, !=3.1.*, !=3.2.*, !=3.3.*"
summary = "Atomic file writes."

[[package]]
name = "attrs"
version = "21.2.0"
requires_python = ">=2.7, !=3.0.*, !=3.1.*, !=3.2.*, !=3.3.*, !=3.4.*"
summary = "Classes Without Boilerplate"

[[package]]
name = "blinker"
version = "1.4"
summary = "Fast, simple object-to-object and broadcast signaling"

[[package]]
name = "cfgv"
version = "3.3.1"
requires_python = ">=3.6.1"
summary = "Validate configuration and produce human readable error messages."

[[package]]
name = "click"
version = "8.0.1"
requires_python = ">=3.7"
summary = "Composable command line interface toolkit"
dependencies = [
    "colorama; platform_system == \"Windows\"",
    "importlib-metadata; python_version < \"3.8\"",
]

[[package]]
name = "click-default-group"
version = "1.2.2"
summary = "Extends click.Group to invoke a command without explicit subcommand name"
dependencies = [
    "click",
]

[[package]]
name = "colorama"
version = "0.4.4"
requires_python = ">=2.7, !=3.0.*, !=3.1.*, !=3.2.*, !=3.3.*, !=3.4.*"
summary = "Cross-platform colored terminal text."

[[package]]
name = "colorlog"
version = "6.4.1"
requires_python = ">=3.6"
summary = "Add colours to the output of Python's logging module."
dependencies = [
    "colorama; sys_platform == \"win32\"",
]

[[package]]
name = "distlib"
version = "0.3.2"
summary = "Distribution utilities"

[[package]]
name = "filelock"
version = "3.7.1"
requires_python = ">=3.7"
summary = "A platform independent file lock."

[[package]]
name = "findpython"
version = "0.2.0"
requires_python = ">=3.7"
summary = "A utility to find python versions on your system"
dependencies = [
    "packaging>=20",
]

[[package]]
name = "ghp-import"
version = "2.0.1"
summary = "Copy your docs directly to the gh-pages branch."
dependencies = [
    "python-dateutil>=2.8.1",
]

[[package]]
name = "identify"
version = "2.2.14"
requires_python = ">=3.7"
summary = "File identification library for Python"

[[package]]
name = "importlib-metadata"
version = "4.8.1"
requires_python = ">=3.7"
summary = "Read metadata from Python packages"
dependencies = [
    "typing-extensions>=3.6.4; python_version < \"3.8\"",
    "zipp>=0.5",
]

[[package]]
name = "incremental"
version = "21.3.0"
summary = "A small library that versions your Python projects."

[[package]]
name = "iniconfig"
version = "1.1.1"
summary = "iniconfig: brain-dead simple config-ini parsing"

[[package]]
name = "installer"
version = "0.5.1"
requires_python = ">=3.7"
summary = "A library for installing Python wheels."

[[package]]
name = "jinja2"
version = "3.1.2"
requires_python = ">=3.7"
summary = "A very fast and expressive template engine."
dependencies = [
    "MarkupSafe>=2.0",
]

[[package]]
name = "markdown"
version = "3.3.4"
requires_python = ">=3.6"
summary = "Python implementation of Markdown."
dependencies = [
    "importlib-metadata>=4.4; python_version < \"3.10\"",
]

[[package]]
name = "markupsafe"
version = "2.0.1"
requires_python = ">=3.7"
summary = "Safely add untrusted strings to HTML/XML markup."

[[package]]
name = "mergedeep"
version = "1.3.4"
requires_python = ">=3.6"
summary = "A deep merge function for 🐍."

[[package]]
name = "mkdocs"
version = "1.3.0"
requires_python = ">=3.6"
summary = "Project documentation with Markdown."
dependencies = [
    "Jinja2>=2.10.2",
    "Markdown>=3.2.1",
    "PyYAML>=3.10",
    "click>=3.3",
    "ghp-import>=1.0",
    "importlib-metadata>=4.3",
    "mergedeep>=1.3.4",
    "packaging>=20.5",
    "pyyaml-env-tag>=0.1",
    "watchdog>=2.0",
]

[[package]]
name = "mkdocs-material"
version = "6.2.8"
requires_python = ">=3.7"
summary = "Documentation that simply works"
dependencies = [
    "jinja2>=3.0.2",
    "markdown>=3.2",
    "mkdocs-material-extensions>=1.0.3",
    "mkdocs>=1.3.0",
    "pygments>=2.12",
    "pymdown-extensions>=9.4",
]

[[package]]
name = "mkdocs-material-extensions"
version = "1.0.3"
requires_python = ">=3.6"
summary = "Extension pack for Python Markdown."

[[package]]
name = "nodeenv"
version = "1.6.0"
summary = "Node.js virtual environment builder"

[[package]]
name = "nox"
version = "2021.6.12"
requires_python = ">=3.6"
summary = "Flexible test automation."
dependencies = [
    "argcomplete<2.0,>=1.9.4",
    "colorlog<7.0.0,>=2.6.1",
    "importlib-metadata; python_version < \"3.8\"",
    "packaging>=20.9",
    "py<2.0.0,>=1.4.0",
    "typing-extensions>=3.7.4; python_version < \"3.8\"",
    "virtualenv>=14.0.0",
]

[[package]]
name = "packaging"
version = "21.0"
requires_python = ">=3.6"
summary = "Core utilities for Python packages"
dependencies = [
    "pyparsing!=3.0.5,>=2.0.2",
]

[[package]]
name = "parver"
version = "0.3.1"
requires_python = ">=2.7, !=3.0.*, !=3.1.*, !=3.2.*, !=3.3.*"
summary = "Parse and manipulate version numbers."
dependencies = [
    "arpeggio~=1.7",
    "attrs>=19.2",
    "six~=1.13",
]

[[package]]
name = "pdm"
version = "1.15.4"
requires_python = ">=3.7"
summary = "Python Development Master"
dependencies = [
    "blinker",
    "click>=7",
    "findpython",
    "importlib-metadata; python_version < \"3.8\"",
    "installer<0.6,>=0.5.1",
    "packaging",
    "pdm-pep517<1,>=0.9",
    "pep517>=0.11.0",
    "pip>=20.1",
    "platformdirs",
    "python-dotenv>=0.15",
    "resolvelib<0.9,>=0.8",
    "shellingham>=1.3.2",
    "tomli>=1.1.0",
    "tomlkit<1,>=0.8.0",
    "typing-extensions; python_version < \"3.8\"",
    "wheel>=0.36.2",
]

[[package]]
name = "pdm-pep517"
version = "0.12.7"
requires_python = ">=3.7"
summary = "A PEP 517 backend for PDM that supports PEP 621 metadata"

[[package]]
name = "pep517"
version = "0.12.0"
summary = "Wrappers to build Python packages using PEP 517 hooks"
dependencies = [
    "importlib-metadata; python_version < \"3.8\"",
    "tomli>=1.1.0; python_version >= \"3.6\"",
    "zipp; python_version < \"3.8\"",
]

[[package]]
name = "pip"
version = "22.1.2"
requires_python = ">=3.7"
summary = "The PyPA recommended tool for installing Python packages."

[[package]]
name = "platformdirs"
version = "2.4.0"
requires_python = ">=3.7"
summary = "A small Python module for determining appropriate platform-specific dirs, e.g. a \"user data dir\"."

[[package]]
name = "pluggy"
version = "1.0.0"
requires_python = ">=3.6"
summary = "plugin and hook calling mechanisms for python"
dependencies = [
    "importlib-metadata>=0.12; python_version < \"3.8\"",
]

[[package]]
name = "pre-commit"
version = "2.15.0"
requires_python = ">=3.7"
summary = "A framework for managing and maintaining multi-language pre-commit hooks."
dependencies = [
    "cfgv>=2.0.0",
    "identify>=1.0.0",
    "importlib-metadata; python_version < \"3.8\"",
    "nodeenv>=0.11.1",
    "pyyaml>=5.1",
    "toml",
    "virtualenv>=20.0.8",
]

[[package]]
name = "py"
version = "1.10.0"
requires_python = ">=2.7, !=3.0.*, !=3.1.*, !=3.2.*, !=3.3.*, !=3.4.*"
summary = "library with cross-python path, ini-parsing, io, code, log facilities"

[[package]]
name = "pygments"
version = "2.12.0"
requires_python = ">=3.6"
summary = "Pygments is a syntax highlighting package written in Python."

[[package]]
name = "pymdown-extensions"
version = "9.5"
requires_python = ">=3.7"
summary = "Extension pack for Python Markdown."
dependencies = [
    "markdown>=3.2",
]

[[package]]
name = "pyparsing"
version = "2.4.7"
requires_python = ">=3.6.8"
summary = "pyparsing module - Classes and methods to define and execute parsing grammars"

[[package]]
name = "pytest"
version = "6.2.5"
requires_python = ">=3.7"
summary = "pytest: simple powerful testing with Python"
dependencies = [
    "atomicwrites>=1.0; sys_platform == \"win32\"",
    "attrs>=19.2.0",
    "colorama; sys_platform == \"win32\"",
    "importlib-metadata>=0.12; python_version < \"3.8\"",
    "iniconfig",
    "packaging",
    "pluggy<2.0,>=0.12",
    "py>=1.8.2",
    "tomli>=1.0.0",
]

[[package]]
name = "pytest-mock"
version = "3.6.1"
requires_python = ">=3.7"
summary = "Thin-wrapper around the mock package for easier use with pytest"
dependencies = [
    "pytest>=5.0",
]

[[package]]
name = "python-dateutil"
version = "2.8.2"
requires_python = "!=3.0.*,!=3.1.*,!=3.2.*,>=2.7"
summary = "Extensions to the standard Python datetime module"
dependencies = [
    "six>=1.5",
]

[[package]]
name = "python-dotenv"
version = "0.20.0"
requires_python = ">=3.5"
summary = "Read key-value pairs from a .env file and set them as environment variables"

[[package]]
name = "pyyaml"
version = "5.4.1"
requires_python = ">=3.6"
summary = "YAML parser and emitter for Python"

[[package]]
name = "pyyaml-env-tag"
version = "0.1"
requires_python = ">=3.6"
summary = "A custom YAML tag for referencing environment variables in YAML files. "
dependencies = [
    "pyyaml",
]

[[package]]
name = "resolvelib"
version = "0.8.1"
summary = "Resolve abstract dependencies into concrete ones"

[[package]]
name = "setuptools"
version = "62.6.0"
requires_python = ">=3.7"
summary = "Easily download, build, install, upgrade, and uninstall Python packages"

[[package]]
name = "shellingham"
version = "1.4.0"
requires_python = "!=3.0,!=3.1,!=3.2,!=3.3,>=2.6"
summary = "Tool to Detect Surrounding Shell"

[[package]]
name = "six"
version = "1.16.0"
requires_python = ">=2.7, !=3.0.*, !=3.1.*, !=3.2.*"
summary = "Python 2 and 3 compatibility utilities"

[[package]]
name = "toml"
version = "0.10.2"
requires_python = ">=2.6, !=3.0.*, !=3.1.*, !=3.2.*"
summary = "Python Library for Tom's Obvious, Minimal Language"

[[package]]
name = "tomli"
version = "1.2.1"
requires_python = ">=3.7"
summary = "A lil' TOML parser"

[[package]]
name = "tomlkit"
version = "0.11.0"
requires_python = ">=3.6,<4.0"
summary = "Style preserving TOML library"

[[package]]
name = "towncrier"
version = "19.9.0"
summary = "Building newsfiles for your project."
dependencies = [
    "click",
    "click-default-group",
    "incremental",
    "jinja2",
    "setuptools",
    "tomli; python_version >= \"3.6\"",
]

[[package]]
name = "typing-extensions"
version = "3.10.0.2"
requires_python = ">=3.7"
summary = "Backported and Experimental Type Hints for Python 3.7+"

[[package]]
name = "virtualenv"
version = "20.8.0"
requires_python = "!=3.0.*,!=3.1.*,!=3.2.*,!=3.3.*,!=3.4.*,>=2.7"
summary = "Virtual Python Environment builder"
dependencies = [
    "distlib<1,>=0.3.1",
    "filelock<4,>=3.2",
    "importlib-metadata>=0.12; python_version < \"3.8\"",
    "platformdirs<3,>=2",
    "six<2,>=1.9.0",
]

[[package]]
name = "watchdog"
version = "2.1.5"
requires_python = ">=3.6"
summary = "Filesystem events monitoring"

[[package]]
name = "wheel"
version = "0.37.1"
requires_python = "!=3.0.*,!=3.1.*,!=3.2.*,!=3.3.*,!=3.4.*,>=2.7"
summary = "A built-package format for Python"

[[package]]
name = "zipp"
version = "3.5.0"
requires_python = ">=3.7"
summary = "Backport of pathlib-compatible object wrapper for zip files"

[metadata]
lock_version = "3.1"
content_hash = "sha256:eae2ab4408817e6bf2a8e3cd01d09a7f38769c41095a693ef22e2e0e13a75122"

[metadata.files]
"argcomplete 1.12.3" = [
    {file = "argcomplete-1.12.3-py2.py3-none-any.whl", hash = "sha256:291f0beca7fd49ce285d2f10e4c1c77e9460cf823eef2de54df0c0fec88b0d81"},
    {file = "argcomplete-1.12.3.tar.gz", hash = "sha256:2c7dbffd8c045ea534921e63b0be6fe65e88599990d8dc408ac8c542b72a5445"},
]
"arpeggio 1.10.2" = [
    {file = "Arpeggio-1.10.2-py2.py3-none-any.whl", hash = "sha256:fed68a1cb7f529cbd4d725597cc811b7506885fcdef17d4cdcf564341a1e210b"},
    {file = "Arpeggio-1.10.2.tar.gz", hash = "sha256:bfe349f252f82f82d84cb886f1d5081d1a31451e6045275e9f90b65d0daa06f1"},
]
"atomicwrites 1.4.0" = [
    {file = "atomicwrites-1.4.0-py2.py3-none-any.whl", hash = "sha256:6d1784dea7c0c8d4a5172b6c620f40b6e4cbfdf96d783691f2e1302a7b88e197"},
    {file = "atomicwrites-1.4.0.tar.gz", hash = "sha256:ae70396ad1a434f9c7046fd2dd196fc04b12f9e91ffb859164193be8b6168a7a"},
]
"attrs 21.2.0" = [
    {file = "attrs-21.2.0-py2.py3-none-any.whl", hash = "sha256:149e90d6d8ac20db7a955ad60cf0e6881a3f20d37096140088356da6c716b0b1"},
    {file = "attrs-21.2.0.tar.gz", hash = "sha256:ef6aaac3ca6cd92904cdd0d83f629a15f18053ec84e6432106f7a4d04ae4f5fb"},
]
"blinker 1.4" = [
    {file = "blinker-1.4.tar.gz", hash = "sha256:471aee25f3992bd325afa3772f1063dbdbbca947a041b8b89466dc00d606f8b6"},
]
"cfgv 3.3.1" = [
    {file = "cfgv-3.3.1-py2.py3-none-any.whl", hash = "sha256:c6a0883f3917a037485059700b9e75da2464e6c27051014ad85ba6aaa5884426"},
    {file = "cfgv-3.3.1.tar.gz", hash = "sha256:f5a830efb9ce7a445376bb66ec94c638a9787422f96264c98edc6bdeed8ab736"},
]
"click 8.0.1" = [
    {file = "click-8.0.1-py3-none-any.whl", hash = "sha256:fba402a4a47334742d782209a7c79bc448911afe1149d07bdabdf480b3e2f4b6"},
    {file = "click-8.0.1.tar.gz", hash = "sha256:8c04c11192119b1ef78ea049e0a6f0463e4c48ef00a30160c704337586f3ad7a"},
]
"click-default-group 1.2.2" = [
    {file = "click-default-group-1.2.2.tar.gz", hash = "sha256:d9560e8e8dfa44b3562fbc9425042a0fd6d21956fcc2db0077f63f34253ab904"},
]
"colorama 0.4.4" = [
    {file = "colorama-0.4.4-py2.py3-none-any.whl", hash = "sha256:9f47eda37229f68eee03b24b9748937c7dc3868f906e8ba69fbcbdd3bc5dc3e2"},
    {file = "colorama-0.4.4.tar.gz", hash = "sha256:5941b2b48a20143d2267e95b1c2a7603ce057ee39fd88e7329b0c292aa16869b"},
]
"colorlog 6.4.1" = [
    {file = "colorlog-6.4.1-py2.py3-none-any.whl", hash = "sha256:b13da382156711f7973bf7cbd1f40ea544aff51fde5dc3fb8f3fa602c321d645"},
    {file = "colorlog-6.4.1.tar.gz", hash = "sha256:af99440154a01f27c09256760ea3477982bf782721feaa345904e806879df4d8"},
]
"distlib 0.3.2" = [
    {file = "distlib-0.3.2-py2.py3-none-any.whl", hash = "sha256:23e223426b28491b1ced97dc3bbe183027419dfc7982b4fa2f05d5f3ff10711c"},
    {file = "distlib-0.3.2.zip", hash = "sha256:106fef6dc37dd8c0e2c0a60d3fca3e77460a48907f335fa28420463a6f799736"},
]
"filelock 3.7.1" = [
    {file = "filelock-3.7.1-py3-none-any.whl", hash = "sha256:37def7b658813cda163b56fc564cdc75e86d338246458c4c28ae84cabefa2404"},
    {file = "filelock-3.7.1.tar.gz", hash = "sha256:3a0fd85166ad9dbab54c9aec96737b744106dc5f15c0b09a6744a445299fcf04"},
]
"findpython 0.2.0" = [
    {file = "findpython-0.2.0-py3-none-any.whl", hash = "sha256:110ec222a43aca3fcd154fd90b911f465c70e86787ae0532bab2266a95870fc9"},
    {file = "findpython-0.2.0.tar.gz", hash = "sha256:c2099ee0b71fc2714b64f68fd1f40bc0ee47f49dfe9547fb64d7cbcc02fe0871"},
]
"ghp-import 2.0.1" = [
    {file = "ghp_import-2.0.1-py3-none-any.whl", hash = "sha256:8241a8e9f8dd3c1fafe9696e6e081b57a208ef907e9939c44e7415e407ab40ea"},
    {file = "ghp-import-2.0.1.tar.gz", hash = "sha256:753de2eace6e0f7d4edfb3cce5e3c3b98cd52aadb80163303d1d036bda7b4483"},
]
"identify 2.2.14" = [
    {file = "identify-2.2.14-py2.py3-none-any.whl", hash = "sha256:113a76a6ba614d2a3dd408b3504446bcfac0370da5995aa6a17fd7c6dffde02d"},
    {file = "identify-2.2.14.tar.gz", hash = "sha256:32f465f3c48083f345ad29a9df8419a4ce0674bf4a8c3245191d65c83634bdbf"},
]
"importlib-metadata 4.8.1" = [
    {file = "importlib_metadata-4.8.1-py3-none-any.whl", hash = "sha256:b618b6d2d5ffa2f16add5697cf57a46c76a56229b0ed1c438322e4e95645bd15"},
    {file = "importlib_metadata-4.8.1.tar.gz", hash = "sha256:f284b3e11256ad1e5d03ab86bb2ccd6f5339688ff17a4d797a0fe7df326f23b1"},
]
"incremental 21.3.0" = [
    {file = "incremental-21.3.0-py2.py3-none-any.whl", hash = "sha256:92014aebc6a20b78a8084cdd5645eeaa7f74b8933f70fa3ada2cfbd1e3b54321"},
    {file = "incremental-21.3.0.tar.gz", hash = "sha256:02f5de5aff48f6b9f665d99d48bfc7ec03b6e3943210de7cfc88856d755d6f57"},
]
"iniconfig 1.1.1" = [
    {file = "iniconfig-1.1.1-py2.py3-none-any.whl", hash = "sha256:011e24c64b7f47f6ebd835bb12a743f2fbe9a26d4cecaa7f53bc4f35ee9da8b3"},
    {file = "iniconfig-1.1.1.tar.gz", hash = "sha256:bc3af051d7d14b2ee5ef9969666def0cd1a000e121eaea580d4a313df4b37f32"},
]
"installer 0.5.1" = [
    {file = "installer-0.5.1-py3-none-any.whl", hash = "sha256:1d6c8d916ed82771945b9c813699e6f57424ded970c9d8bf16bbc23e1e826ed3"},
    {file = "installer-0.5.1.tar.gz", hash = "sha256:f970995ec2bb815e2fdaf7977b26b2091e1e386f0f42eafd5ac811953dc5d445"},
]
"jinja2 3.1.2" = [
    {file = "Jinja2-3.1.2-py3-none-any.whl", hash = "sha256:6088930bfe239f0e6710546ab9c19c9ef35e29792895fed6e6e31a023a182a61"},
    {file = "Jinja2-3.1.2.tar.gz", hash = "sha256:31351a702a408a9e7595a8fc6150fc3f43bb6bf7e319770cbc0db9df9437e852"},
]
"markdown 3.3.4" = [
    {file = "Markdown-3.3.4-py3-none-any.whl", hash = "sha256:96c3ba1261de2f7547b46a00ea8463832c921d3f9d6aba3f255a6f71386db20c"},
    {file = "Markdown-3.3.4.tar.gz", hash = "sha256:31b5b491868dcc87d6c24b7e3d19a0d730d59d3e46f4eea6430a321bed387a49"},
]
"markupsafe 2.0.1" = [
    {file = "MarkupSafe-2.0.1-cp310-cp310-macosx_10_9_universal2.whl", hash = "sha256:d8446c54dc28c01e5a2dbac5a25f071f6653e6e40f3a8818e8b45d790fe6ef53"},
    {file = "MarkupSafe-2.0.1-cp310-cp310-macosx_10_9_x86_64.whl", hash = "sha256:36bc903cbb393720fad60fc28c10de6acf10dc6cc883f3e24ee4012371399a38"},
    {file = "MarkupSafe-2.0.1-cp310-cp310-manylinux_2_17_aarch64.manylinux2014_aarch64.whl", hash = "sha256:2d7d807855b419fc2ed3e631034685db6079889a1f01d5d9dac950f764da3dad"},
    {file = "MarkupSafe-2.0.1-cp310-cp310-manylinux_2_5_i686.manylinux1_i686.manylinux_2_12_i686.manylinux2010_i686.whl", hash = "sha256:add36cb2dbb8b736611303cd3bfcee00afd96471b09cda130da3581cbdc56a6d"},
    {file = "MarkupSafe-2.0.1-cp310-cp310-manylinux_2_5_x86_64.manylinux1_x86_64.manylinux_2_12_x86_64.manylinux2010_x86_64.whl", hash = "sha256:168cd0a3642de83558a5153c8bd34f175a9a6e7f6dc6384b9655d2697312a646"},
    {file = "MarkupSafe-2.0.1-cp310-cp310-musllinux_1_1_aarch64.whl", hash = "sha256:4dc8f9fb58f7364b63fd9f85013b780ef83c11857ae79f2feda41e270468dd9b"},
    {file = "MarkupSafe-2.0.1-cp310-cp310-musllinux_1_1_i686.whl", hash = "sha256:20dca64a3ef2d6e4d5d615a3fd418ad3bde77a47ec8a23d984a12b5b4c74491a"},
    {file = "MarkupSafe-2.0.1-cp310-cp310-musllinux_1_1_x86_64.whl", hash = "sha256:cdfba22ea2f0029c9261a4bd07e830a8da012291fbe44dc794e488b6c9bb353a"},
    {file = "MarkupSafe-2.0.1-cp310-cp310-win32.whl", hash = "sha256:99df47edb6bda1249d3e80fdabb1dab8c08ef3975f69aed437cb69d0a5de1e28"},
    {file = "MarkupSafe-2.0.1-cp310-cp310-win_amd64.whl", hash = "sha256:e0f138900af21926a02425cf736db95be9f4af72ba1bb21453432a07f6082134"},
    {file = "MarkupSafe-2.0.1-cp36-cp36m-macosx_10_9_x86_64.whl", hash = "sha256:f9081981fe268bd86831e5c75f7de206ef275defcb82bc70740ae6dc507aee51"},
    {file = "MarkupSafe-2.0.1-cp36-cp36m-manylinux1_i686.whl", hash = "sha256:0955295dd5eec6cb6cc2fe1698f4c6d84af2e92de33fbcac4111913cd100a6ff"},
    {file = "MarkupSafe-2.0.1-cp36-cp36m-manylinux1_x86_64.whl", hash = "sha256:0446679737af14f45767963a1a9ef7620189912317d095f2d9ffa183a4d25d2b"},
    {file = "MarkupSafe-2.0.1-cp36-cp36m-manylinux2010_i686.whl", hash = "sha256:f826e31d18b516f653fe296d967d700fddad5901ae07c622bb3705955e1faa94"},
    {file = "MarkupSafe-2.0.1-cp36-cp36m-manylinux2010_x86_64.whl", hash = "sha256:fa130dd50c57d53368c9d59395cb5526eda596d3ffe36666cd81a44d56e48872"},
    {file = "MarkupSafe-2.0.1-cp36-cp36m-manylinux2014_aarch64.whl", hash = "sha256:905fec760bd2fa1388bb5b489ee8ee5f7291d692638ea5f67982d968366bef9f"},
    {file = "MarkupSafe-2.0.1-cp36-cp36m-manylinux_2_17_aarch64.manylinux2014_aarch64.whl", hash = "sha256:bf5d821ffabf0ef3533c39c518f3357b171a1651c1ff6827325e4489b0e46c3c"},
    {file = "MarkupSafe-2.0.1-cp36-cp36m-manylinux_2_5_i686.manylinux1_i686.manylinux_2_12_i686.manylinux2010_i686.whl", hash = "sha256:0d4b31cc67ab36e3392bbf3862cfbadac3db12bdd8b02a2731f509ed5b829724"},
    {file = "MarkupSafe-2.0.1-cp36-cp36m-manylinux_2_5_x86_64.manylinux1_x86_64.manylinux_2_12_x86_64.manylinux2010_x86_64.whl", hash = "sha256:baa1a4e8f868845af802979fcdbf0bb11f94f1cb7ced4c4b8a351bb60d108145"},
    {file = "MarkupSafe-2.0.1-cp36-cp36m-musllinux_1_1_aarch64.whl", hash = "sha256:deb993cacb280823246a026e3b2d81c493c53de6acfd5e6bfe31ab3402bb37dd"},
    {file = "MarkupSafe-2.0.1-cp36-cp36m-musllinux_1_1_i686.whl", hash = "sha256:63f3268ba69ace99cab4e3e3b5840b03340efed0948ab8f78d2fd87ee5442a4f"},
    {file = "MarkupSafe-2.0.1-cp36-cp36m-musllinux_1_1_x86_64.whl", hash = "sha256:8d206346619592c6200148b01a2142798c989edcb9c896f9ac9722a99d4e77e6"},
    {file = "MarkupSafe-2.0.1-cp36-cp36m-win32.whl", hash = "sha256:6c4ca60fa24e85fe25b912b01e62cb969d69a23a5d5867682dd3e80b5b02581d"},
    {file = "MarkupSafe-2.0.1-cp36-cp36m-win_amd64.whl", hash = "sha256:b2f4bf27480f5e5e8ce285a8c8fd176c0b03e93dcc6646477d4630e83440c6a9"},
    {file = "MarkupSafe-2.0.1-cp37-cp37m-macosx_10_9_x86_64.whl", hash = "sha256:0717a7390a68be14b8c793ba258e075c6f4ca819f15edfc2a3a027c823718567"},
    {file = "MarkupSafe-2.0.1-cp37-cp37m-manylinux1_i686.whl", hash = "sha256:6557b31b5e2c9ddf0de32a691f2312a32f77cd7681d8af66c2692efdbef84c18"},
    {file = "MarkupSafe-2.0.1-cp37-cp37m-manylinux1_x86_64.whl", hash = "sha256:49e3ceeabbfb9d66c3aef5af3a60cc43b85c33df25ce03d0031a608b0a8b2e3f"},
    {file = "MarkupSafe-2.0.1-cp37-cp37m-manylinux2010_i686.whl", hash = "sha256:d7f9850398e85aba693bb640262d3611788b1f29a79f0c93c565694658f4071f"},
    {file = "MarkupSafe-2.0.1-cp37-cp37m-manylinux2010_x86_64.whl", hash = "sha256:6a7fae0dd14cf60ad5ff42baa2e95727c3d81ded453457771d02b7d2b3f9c0c2"},
    {file = "MarkupSafe-2.0.1-cp37-cp37m-manylinux2014_aarch64.whl", hash = "sha256:b7f2d075102dc8c794cbde1947378051c4e5180d52d276987b8d28a3bd58c17d"},
    {file = "MarkupSafe-2.0.1-cp37-cp37m-manylinux_2_17_aarch64.manylinux2014_aarch64.whl", hash = "sha256:e9936f0b261d4df76ad22f8fee3ae83b60d7c3e871292cd42f40b81b70afae85"},
    {file = "MarkupSafe-2.0.1-cp37-cp37m-manylinux_2_5_i686.manylinux1_i686.manylinux_2_12_i686.manylinux2010_i686.whl", hash = "sha256:2a7d351cbd8cfeb19ca00de495e224dea7e7d919659c2841bbb7f420ad03e2d6"},
    {file = "MarkupSafe-2.0.1-cp37-cp37m-manylinux_2_5_x86_64.manylinux1_x86_64.manylinux_2_12_x86_64.manylinux2010_x86_64.whl", hash = "sha256:60bf42e36abfaf9aff1f50f52644b336d4f0a3fd6d8a60ca0d054ac9f713a864"},
    {file = "MarkupSafe-2.0.1-cp37-cp37m-musllinux_1_1_aarch64.whl", hash = "sha256:d6c7ebd4e944c85e2c3421e612a7057a2f48d478d79e61800d81468a8d842207"},
    {file = "MarkupSafe-2.0.1-cp37-cp37m-musllinux_1_1_i686.whl", hash = "sha256:f0567c4dc99f264f49fe27da5f735f414c4e7e7dd850cfd8e69f0862d7c74ea9"},
    {file = "MarkupSafe-2.0.1-cp37-cp37m-musllinux_1_1_x86_64.whl", hash = "sha256:89c687013cb1cd489a0f0ac24febe8c7a666e6e221b783e53ac50ebf68e45d86"},
    {file = "MarkupSafe-2.0.1-cp37-cp37m-win32.whl", hash = "sha256:a30e67a65b53ea0a5e62fe23682cfe22712e01f453b95233b25502f7c61cb415"},
    {file = "MarkupSafe-2.0.1-cp37-cp37m-win_amd64.whl", hash = "sha256:611d1ad9a4288cf3e3c16014564df047fe08410e628f89805e475368bd304914"},
    {file = "MarkupSafe-2.0.1-cp38-cp38-macosx_10_9_universal2.whl", hash = "sha256:5bb28c636d87e840583ee3adeb78172efc47c8b26127267f54a9c0ec251d41a9"},
    {file = "MarkupSafe-2.0.1-cp38-cp38-macosx_10_9_x86_64.whl", hash = "sha256:be98f628055368795d818ebf93da628541e10b75b41c559fdf36d104c5787066"},
    {file = "MarkupSafe-2.0.1-cp38-cp38-manylinux1_i686.whl", hash = "sha256:1d609f577dc6e1aa17d746f8bd3c31aa4d258f4070d61b2aa5c4166c1539de35"},
    {file = "MarkupSafe-2.0.1-cp38-cp38-manylinux1_x86_64.whl", hash = "sha256:7d91275b0245b1da4d4cfa07e0faedd5b0812efc15b702576d103293e252af1b"},
    {file = "MarkupSafe-2.0.1-cp38-cp38-manylinux2010_i686.whl", hash = "sha256:01a9b8ea66f1658938f65b93a85ebe8bc016e6769611be228d797c9d998dd298"},
    {file = "MarkupSafe-2.0.1-cp38-cp38-manylinux2010_x86_64.whl", hash = "sha256:47ab1e7b91c098ab893b828deafa1203de86d0bc6ab587b160f78fe6c4011f75"},
    {file = "MarkupSafe-2.0.1-cp38-cp38-manylinux2014_aarch64.whl", hash = "sha256:97383d78eb34da7e1fa37dd273c20ad4320929af65d156e35a5e2d89566d9dfb"},
    {file = "MarkupSafe-2.0.1-cp38-cp38-manylinux_2_17_aarch64.manylinux2014_aarch64.whl", hash = "sha256:6fcf051089389abe060c9cd7caa212c707e58153afa2c649f00346ce6d260f1b"},
    {file = "MarkupSafe-2.0.1-cp38-cp38-manylinux_2_5_i686.manylinux1_i686.manylinux_2_12_i686.manylinux2010_i686.whl", hash = "sha256:5855f8438a7d1d458206a2466bf82b0f104a3724bf96a1c781ab731e4201731a"},
    {file = "MarkupSafe-2.0.1-cp38-cp38-manylinux_2_5_x86_64.manylinux1_x86_64.manylinux_2_12_x86_64.manylinux2010_x86_64.whl", hash = "sha256:3dd007d54ee88b46be476e293f48c85048603f5f516008bee124ddd891398ed6"},
    {file = "MarkupSafe-2.0.1-cp38-cp38-musllinux_1_1_aarch64.whl", hash = "sha256:aca6377c0cb8a8253e493c6b451565ac77e98c2951c45f913e0b52facdcff83f"},
    {file = "MarkupSafe-2.0.1-cp38-cp38-musllinux_1_1_i686.whl", hash = "sha256:04635854b943835a6ea959e948d19dcd311762c5c0c6e1f0e16ee57022669194"},
    {file = "MarkupSafe-2.0.1-cp38-cp38-musllinux_1_1_x86_64.whl", hash = "sha256:6300b8454aa6930a24b9618fbb54b5a68135092bc666f7b06901f897fa5c2fee"},
    {file = "MarkupSafe-2.0.1-cp38-cp38-win32.whl", hash = "sha256:023cb26ec21ece8dc3907c0e8320058b2e0cb3c55cf9564da612bc325bed5e64"},
    {file = "MarkupSafe-2.0.1-cp38-cp38-win_amd64.whl", hash = "sha256:984d76483eb32f1bcb536dc27e4ad56bba4baa70be32fa87152832cdd9db0833"},
    {file = "MarkupSafe-2.0.1-cp39-cp39-macosx_10_9_universal2.whl", hash = "sha256:2ef54abee730b502252bcdf31b10dacb0a416229b72c18b19e24a4509f273d26"},
    {file = "MarkupSafe-2.0.1-cp39-cp39-macosx_10_9_x86_64.whl", hash = "sha256:3c112550557578c26af18a1ccc9e090bfe03832ae994343cfdacd287db6a6ae7"},
    {file = "MarkupSafe-2.0.1-cp39-cp39-manylinux1_i686.whl", hash = "sha256:53edb4da6925ad13c07b6d26c2a852bd81e364f95301c66e930ab2aef5b5ddd8"},
    {file = "MarkupSafe-2.0.1-cp39-cp39-manylinux1_x86_64.whl", hash = "sha256:f5653a225f31e113b152e56f154ccbe59eeb1c7487b39b9d9f9cdb58e6c79dc5"},
    {file = "MarkupSafe-2.0.1-cp39-cp39-manylinux2010_i686.whl", hash = "sha256:4efca8f86c54b22348a5467704e3fec767b2db12fc39c6d963168ab1d3fc9135"},
    {file = "MarkupSafe-2.0.1-cp39-cp39-manylinux2010_x86_64.whl", hash = "sha256:ab3ef638ace319fa26553db0624c4699e31a28bb2a835c5faca8f8acf6a5a902"},
    {file = "MarkupSafe-2.0.1-cp39-cp39-manylinux2014_aarch64.whl", hash = "sha256:f8ba0e8349a38d3001fae7eadded3f6606f0da5d748ee53cc1dab1d6527b9509"},
    {file = "MarkupSafe-2.0.1-cp39-cp39-manylinux_2_17_aarch64.manylinux2014_aarch64.whl", hash = "sha256:c47adbc92fc1bb2b3274c4b3a43ae0e4573d9fbff4f54cd484555edbf030baf1"},
    {file = "MarkupSafe-2.0.1-cp39-cp39-manylinux_2_5_i686.manylinux1_i686.manylinux_2_12_i686.manylinux2010_i686.whl", hash = "sha256:37205cac2a79194e3750b0af2a5720d95f786a55ce7df90c3af697bfa100eaac"},
    {file = "MarkupSafe-2.0.1-cp39-cp39-manylinux_2_5_x86_64.manylinux1_x86_64.manylinux_2_12_x86_64.manylinux2010_x86_64.whl", hash = "sha256:1f2ade76b9903f39aa442b4aadd2177decb66525062db244b35d71d0ee8599b6"},
    {file = "MarkupSafe-2.0.1-cp39-cp39-musllinux_1_1_aarch64.whl", hash = "sha256:4296f2b1ce8c86a6aea78613c34bb1a672ea0e3de9c6ba08a960efe0b0a09047"},
    {file = "MarkupSafe-2.0.1-cp39-cp39-musllinux_1_1_i686.whl", hash = "sha256:9f02365d4e99430a12647f09b6cc8bab61a6564363f313126f775eb4f6ef798e"},
    {file = "MarkupSafe-2.0.1-cp39-cp39-musllinux_1_1_x86_64.whl", hash = "sha256:5b6d930f030f8ed98e3e6c98ffa0652bdb82601e7a016ec2ab5d7ff23baa78d1"},
    {file = "MarkupSafe-2.0.1-cp39-cp39-win32.whl", hash = "sha256:10f82115e21dc0dfec9ab5c0223652f7197feb168c940f3ef61563fc2d6beb74"},
    {file = "MarkupSafe-2.0.1-cp39-cp39-win_amd64.whl", hash = "sha256:693ce3f9e70a6cf7d2fb9e6c9d8b204b6b39897a2c4a1aa65728d5ac97dcc1d8"},
    {file = "MarkupSafe-2.0.1.tar.gz", hash = "sha256:594c67807fb16238b30c44bdf74f36c02cdf22d1c8cda91ef8a0ed8dabf5620a"},
]
"mergedeep 1.3.4" = [
    {file = "mergedeep-1.3.4-py3-none-any.whl", hash = "sha256:70775750742b25c0d8f36c55aed03d24c3384d17c951b3175d898bd778ef0307"},
    {file = "mergedeep-1.3.4.tar.gz", hash = "sha256:0096d52e9dad9939c3d975a774666af186eda617e6ca84df4c94dec30004f2a8"},
]
"mkdocs 1.3.0" = [
    {file = "mkdocs-1.3.0-py3-none-any.whl", hash = "sha256:26bd2b03d739ac57a3e6eed0b7bcc86168703b719c27b99ad6ca91dc439aacde"},
    {file = "mkdocs-1.3.0.tar.gz", hash = "sha256:b504405b04da38795fec9b2e5e28f6aa3a73bb0960cb6d5d27ead28952bd35ea"},
]
"mkdocs-material 6.2.8" = [
    {file = "mkdocs_material-6.2.8-py2.py3-none-any.whl", hash = "sha256:c9b63d709d29778aa3dafc7178b6a8c655b00937be2594aab016d1423696c792"},
    {file = "mkdocs-material-6.2.8.tar.gz", hash = "sha256:ce2f4a71e5db49540d71fd32f9afba7645765f7eca391e560d1d27f947eb344c"},
]
"mkdocs-material-extensions 1.0.3" = [
    {file = "mkdocs_material_extensions-1.0.3-py3-none-any.whl", hash = "sha256:a82b70e533ce060b2a5d9eb2bc2e1be201cf61f901f93704b4acf6e3d5983a44"},
    {file = "mkdocs-material-extensions-1.0.3.tar.gz", hash = "sha256:bfd24dfdef7b41c312ede42648f9eb83476ea168ec163b613f9abd12bbfddba2"},
]
"nodeenv 1.6.0" = [
    {file = "nodeenv-1.6.0-py2.py3-none-any.whl", hash = "sha256:621e6b7076565ddcacd2db0294c0381e01fd28945ab36bcf00f41c5daf63bef7"},
    {file = "nodeenv-1.6.0.tar.gz", hash = "sha256:3ef13ff90291ba2a4a7a4ff9a979b63ffdd00a464dbe04acf0ea6471517a4c2b"},
]
"nox 2021.6.12" = [
    {file = "nox-2021.6.12-py3-none-any.whl", hash = "sha256:1e90df301f6622efb1c29d1586e5a5755846b1eb99b2764230304f8fa31d1734"},
    {file = "nox-2021.6.12.tar.gz", hash = "sha256:955dbeb8e657a08226f8c1c8f8d1e2a40fe5438a792056314f351e504639a80f"},
]
"packaging 21.0" = [
    {file = "packaging-21.0-py3-none-any.whl", hash = "sha256:c86254f9220d55e31cc94d69bade760f0847da8000def4dfe1c6b872fd14ff14"},
    {file = "packaging-21.0.tar.gz", hash = "sha256:7dc96269f53a4ccec5c0670940a4281106dd0bb343f47b7471f779df49c2fbe7"},
]
"parver 0.3.1" = [
    {file = "parver-0.3.1-py2.py3-none-any.whl", hash = "sha256:41a548c51b006a2f2522b54293cbfd2514bffa10774ece8430c9964a20cbd8b4"},
    {file = "parver-0.3.1.tar.gz", hash = "sha256:c902e0653bcce927cc156a7fd9b3a51924cbce3bf3d0bfd49fc282bfd0c5dfd3"},
]
"pdm 1.15.4" = [
    {file = "pdm-1.15.4-py3-none-any.whl", hash = "sha256:37e2a3238e857096f55b69302bcbef3dd84cf4a843ee669e8627633169e640ca"},
    {file = "pdm-1.15.4.tar.gz", hash = "sha256:e68ec492c9c849c59468972576cef5ce88e72c49b9f575ea35314b2da50b9629"},
]
"pdm-pep517 0.12.7" = [
    {file = "pdm_pep517-0.12.7-py3-none-any.whl", hash = "sha256:d01ac717a44863844ba3361fcfcd5acefd67f63ee8a4f5a549f0febe12d46cb5"},
    {file = "pdm-pep517-0.12.7.tar.gz", hash = "sha256:6a4ed513edbcfd518e3b07e9118575d3fb35cc04551dd8acf3531e2463ef7fe3"},
]
"pep517 0.12.0" = [
    {file = "pep517-0.12.0-py2.py3-none-any.whl", hash = "sha256:dd884c326898e2c6e11f9e0b64940606a93eb10ea022a2e067959f3a110cf161"},
    {file = "pep517-0.12.0.tar.gz", hash = "sha256:931378d93d11b298cf511dd634cf5ea4cb249a28ef84160b3247ee9afb4e8ab0"},
]
"pip 22.1.2" = [
    {file = "pip-22.1.2-py3-none-any.whl", hash = "sha256:a3edacb89022ef5258bf61852728bf866632a394da837ca49eb4303635835f17"},
    {file = "pip-22.1.2.tar.gz", hash = "sha256:6d55b27e10f506312894a87ccc59f280136bad9061719fac9101bdad5a6bce69"},
]
"platformdirs 2.4.0" = [
    {file = "platformdirs-2.4.0-py3-none-any.whl", hash = "sha256:8868bbe3c3c80d42f20156f22e7131d2fb321f5bc86a2a345375c6481a67021d"},
    {file = "platformdirs-2.4.0.tar.gz", hash = "sha256:367a5e80b3d04d2428ffa76d33f124cf11e8fff2acdaa9b43d545f5c7d661ef2"},
]
"pluggy 1.0.0" = [
    {file = "pluggy-1.0.0-py2.py3-none-any.whl", hash = "sha256:74134bbf457f031a36d68416e1509f34bd5ccc019f0bcc952c7b909d06b37bd3"},
    {file = "pluggy-1.0.0.tar.gz", hash = "sha256:4224373bacce55f955a878bf9cfa763c1e360858e330072059e10bad68531159"},
]
"pre-commit 2.15.0" = [
    {file = "pre_commit-2.15.0-py2.py3-none-any.whl", hash = "sha256:a4ed01000afcb484d9eb8d504272e642c4c4099bbad3a6b27e519bd6a3e928a6"},
    {file = "pre_commit-2.15.0.tar.gz", hash = "sha256:3c25add78dbdfb6a28a651780d5c311ac40dd17f160eb3954a0c59da40a505a7"},
]
"py 1.10.0" = [
    {file = "py-1.10.0-py2.py3-none-any.whl", hash = "sha256:3b80836aa6d1feeaa108e046da6423ab8f6ceda6468545ae8d02d9d58d18818a"},
    {file = "py-1.10.0.tar.gz", hash = "sha256:21b81bda15b66ef5e1a777a21c4dcd9c20ad3efd0b3f817e7a809035269e1bd3"},
]
"pygments 2.12.0" = [
    {file = "Pygments-2.12.0-py3-none-any.whl", hash = "sha256:dc9c10fb40944260f6ed4c688ece0cd2048414940f1cea51b8b226318411c519"},
    {file = "Pygments-2.12.0.tar.gz", hash = "sha256:5eb116118f9612ff1ee89ac96437bb6b49e8f04d8a13b514ba26f620208e26eb"},
]
"pymdown-extensions 9.5" = [
    {file = "pymdown_extensions-9.5-py3-none-any.whl", hash = "sha256:ec141c0f4983755349f0c8710416348d1a13753976c028186ed14f190c8061c4"},
    {file = "pymdown_extensions-9.5.tar.gz", hash = "sha256:3ef2d998c0d5fa7eb09291926d90d69391283561cf6306f85cd588a5eb5befa0"},
]
"pyparsing 2.4.7" = [
    {file = "pyparsing-2.4.7-py2.py3-none-any.whl", hash = "sha256:ef9d7589ef3c200abe66653d3f1ab1033c3c419ae9b9bdb1240a85b024efc88b"},
    {file = "pyparsing-2.4.7.tar.gz", hash = "sha256:c203ec8783bf771a155b207279b9bccb8dea02d8f0c9e5f8ead507bc3246ecc1"},
]
"pytest 6.2.5" = [
    {file = "pytest-6.2.5-py3-none-any.whl", hash = "sha256:7310f8d27bc79ced999e760ca304d69f6ba6c6649c0b60fb0e04a4a77cacc134"},
    {file = "pytest-6.2.5.tar.gz", hash = "sha256:131b36680866a76e6781d13f101efb86cf674ebb9762eb70d3082b6f29889e89"},
]
"pytest-mock 3.6.1" = [
    {file = "pytest_mock-3.6.1-py3-none-any.whl", hash = "sha256:30c2f2cc9759e76eee674b81ea28c9f0b94f8f0445a1b87762cadf774f0df7e3"},
    {file = "pytest-mock-3.6.1.tar.gz", hash = "sha256:40217a058c52a63f1042f0784f62009e976ba824c418cced42e88d5f40ab0e62"},
]
"python-dateutil 2.8.2" = [
    {file = "python_dateutil-2.8.2-py2.py3-none-any.whl", hash = "sha256:961d03dc3453ebbc59dbdea9e4e11c5651520a876d0f4db161e8674aae935da9"},
    {file = "python-dateutil-2.8.2.tar.gz", hash = "sha256:0123cacc1627ae19ddf3c27a5de5bd67ee4586fbdd6440d9748f8abb483d3e86"},
]
"python-dotenv 0.20.0" = [
    {file = "python_dotenv-0.20.0-py3-none-any.whl", hash = "sha256:d92a187be61fe482e4fd675b6d52200e7be63a12b724abbf931a40ce4fa92938"},
    {file = "python-dotenv-0.20.0.tar.gz", hash = "sha256:b7e3b04a59693c42c36f9ab1cc2acc46fa5df8c78e178fc33a8d4cd05c8d498f"},
]
"pyyaml 5.4.1" = [
    {file = "PyYAML-5.4.1-cp27-cp27m-macosx_10_9_x86_64.whl", hash = "sha256:3b2b1824fe7112845700f815ff6a489360226a5609b96ec2190a45e62a9fc922"},
    {file = "PyYAML-5.4.1-cp27-cp27m-win32.whl", hash = "sha256:129def1b7c1bf22faffd67b8f3724645203b79d8f4cc81f674654d9902cb4393"},
    {file = "PyYAML-5.4.1-cp27-cp27m-win_amd64.whl", hash = "sha256:4465124ef1b18d9ace298060f4eccc64b0850899ac4ac53294547536533800c8"},
    {file = "PyYAML-5.4.1-cp27-cp27mu-manylinux1_x86_64.whl", hash = "sha256:bb4191dfc9306777bc594117aee052446b3fa88737cd13b7188d0e7aa8162185"},
    {file = "PyYAML-5.4.1-cp36-cp36m-macosx_10_9_x86_64.whl", hash = "sha256:6c78645d400265a062508ae399b60b8c167bf003db364ecb26dcab2bda048253"},
    {file = "PyYAML-5.4.1-cp36-cp36m-manylinux1_x86_64.whl", hash = "sha256:4e0583d24c881e14342eaf4ec5fbc97f934b999a6828693a99157fde912540cc"},
    {file = "PyYAML-5.4.1-cp36-cp36m-manylinux2014_aarch64.whl", hash = "sha256:72a01f726a9c7851ca9bfad6fd09ca4e090a023c00945ea05ba1638c09dc3347"},
    {file = "PyYAML-5.4.1-cp36-cp36m-manylinux2014_s390x.whl", hash = "sha256:895f61ef02e8fed38159bb70f7e100e00f471eae2bc838cd0f4ebb21e28f8541"},
    {file = "PyYAML-5.4.1-cp36-cp36m-win32.whl", hash = "sha256:3bd0e463264cf257d1ffd2e40223b197271046d09dadf73a0fe82b9c1fc385a5"},
    {file = "PyYAML-5.4.1-cp36-cp36m-win_amd64.whl", hash = "sha256:e4fac90784481d221a8e4b1162afa7c47ed953be40d31ab4629ae917510051df"},
    {file = "PyYAML-5.4.1-cp37-cp37m-macosx_10_9_x86_64.whl", hash = "sha256:5accb17103e43963b80e6f837831f38d314a0495500067cb25afab2e8d7a4018"},
    {file = "PyYAML-5.4.1-cp37-cp37m-manylinux1_x86_64.whl", hash = "sha256:e1d4970ea66be07ae37a3c2e48b5ec63f7ba6804bdddfdbd3cfd954d25a82e63"},
    {file = "PyYAML-5.4.1-cp37-cp37m-manylinux2014_aarch64.whl", hash = "sha256:cb333c16912324fd5f769fff6bc5de372e9e7a202247b48870bc251ed40239aa"},
    {file = "PyYAML-5.4.1-cp37-cp37m-manylinux2014_s390x.whl", hash = "sha256:fe69978f3f768926cfa37b867e3843918e012cf83f680806599ddce33c2c68b0"},
    {file = "PyYAML-5.4.1-cp37-cp37m-win32.whl", hash = "sha256:dd5de0646207f053eb0d6c74ae45ba98c3395a571a2891858e87df7c9b9bd51b"},
    {file = "PyYAML-5.4.1-cp37-cp37m-win_amd64.whl", hash = "sha256:08682f6b72c722394747bddaf0aa62277e02557c0fd1c42cb853016a38f8dedf"},
    {file = "PyYAML-5.4.1-cp38-cp38-macosx_10_9_x86_64.whl", hash = "sha256:d2d9808ea7b4af864f35ea216be506ecec180628aced0704e34aca0b040ffe46"},
    {file = "PyYAML-5.4.1-cp38-cp38-manylinux1_x86_64.whl", hash = "sha256:8c1be557ee92a20f184922c7b6424e8ab6691788e6d86137c5d93c1a6ec1b8fb"},
    {file = "PyYAML-5.4.1-cp38-cp38-manylinux2014_aarch64.whl", hash = "sha256:fd7f6999a8070df521b6384004ef42833b9bd62cfee11a09bda1079b4b704247"},
    {file = "PyYAML-5.4.1-cp38-cp38-manylinux2014_s390x.whl", hash = "sha256:bfb51918d4ff3d77c1c856a9699f8492c612cde32fd3bcd344af9be34999bfdc"},
    {file = "PyYAML-5.4.1-cp38-cp38-win32.whl", hash = "sha256:fa5ae20527d8e831e8230cbffd9f8fe952815b2b7dae6ffec25318803a7528fc"},
    {file = "PyYAML-5.4.1-cp38-cp38-win_amd64.whl", hash = "sha256:0f5f5786c0e09baddcd8b4b45f20a7b5d61a7e7e99846e3c799b05c7c53fa696"},
    {file = "PyYAML-5.4.1-cp39-cp39-macosx_10_9_x86_64.whl", hash = "sha256:294db365efa064d00b8d1ef65d8ea2c3426ac366c0c4368d930bf1c5fb497f77"},
    {file = "PyYAML-5.4.1-cp39-cp39-manylinux1_x86_64.whl", hash = "sha256:74c1485f7707cf707a7aef42ef6322b8f97921bd89be2ab6317fd782c2d53183"},
    {file = "PyYAML-5.4.1-cp39-cp39-manylinux2014_aarch64.whl", hash = "sha256:d483ad4e639292c90170eb6f7783ad19490e7a8defb3e46f97dfe4bacae89122"},
    {file = "PyYAML-5.4.1-cp39-cp39-manylinux2014_s390x.whl", hash = "sha256:fdc842473cd33f45ff6bce46aea678a54e3d21f1b61a7750ce3c498eedfe25d6"},
    {file = "PyYAML-5.4.1-cp39-cp39-win32.whl", hash = "sha256:49d4cdd9065b9b6e206d0595fee27a96b5dd22618e7520c33204a4a3239d5b10"},
    {file = "PyYAML-5.4.1-cp39-cp39-win_amd64.whl", hash = "sha256:c20cfa2d49991c8b4147af39859b167664f2ad4561704ee74c1de03318e898db"},
    {file = "PyYAML-5.4.1.tar.gz", hash = "sha256:607774cbba28732bfa802b54baa7484215f530991055bb562efbed5b2f20a45e"},
]
"pyyaml-env-tag 0.1" = [
    {file = "pyyaml_env_tag-0.1-py3-none-any.whl", hash = "sha256:af31106dec8a4d68c60207c1886031cbf839b68aa7abccdb19868200532c2069"},
    {file = "pyyaml_env_tag-0.1.tar.gz", hash = "sha256:70092675bda14fdec33b31ba77e7543de9ddc88f2e5b99160396572d11525bdb"},
]
"resolvelib 0.8.1" = [
    {file = "resolvelib-0.8.1-py2.py3-none-any.whl", hash = "sha256:d9b7907f055c3b3a2cfc56c914ffd940122915826ff5fb5b1de0c99778f4de98"},
    {file = "resolvelib-0.8.1.tar.gz", hash = "sha256:c6ea56732e9fb6fca1b2acc2ccc68a0b6b8c566d8f3e78e0443310ede61dbd37"},
]
"setuptools 62.6.0" = [
    {file = "setuptools-62.6.0-py3-none-any.whl", hash = "sha256:c1848f654aea2e3526d17fc3ce6aeaa5e7e24e66e645b5be2171f3f6b4e5a178"},
    {file = "setuptools-62.6.0.tar.gz", hash = "sha256:990a4f7861b31532871ab72331e755b5f14efbe52d336ea7f6118144dd478741"},
]
"shellingham 1.4.0" = [
    {file = "shellingham-1.4.0-py2.py3-none-any.whl", hash = "sha256:536b67a0697f2e4af32ab176c00a50ac2899c5a05e0d8e2dadac8e58888283f9"},
    {file = "shellingham-1.4.0.tar.gz", hash = "sha256:4855c2458d6904829bd34c299f11fdeed7cfefbf8a2c522e4caea6cd76b3171e"},
]
"six 1.16.0" = [
    {file = "six-1.16.0-py2.py3-none-any.whl", hash = "sha256:8abb2f1d86890a2dfb989f9a77cfcfd3e47c2a354b01111771326f8aa26e0254"},
    {file = "six-1.16.0.tar.gz", hash = "sha256:1e61c37477a1626458e36f7b1d82aa5c9b094fa4802892072e49de9c60c4c926"},
]
"toml 0.10.2" = [
    {file = "toml-0.10.2-py2.py3-none-any.whl", hash = "sha256:806143ae5bfb6a3c6e736a764057db0e6a0e05e338b5630894a5f779cabb4f9b"},
    {file = "toml-0.10.2.tar.gz", hash = "sha256:b3bda1d108d5dd99f4a20d24d9c348e91c4db7ab1b749200bded2f839ccbe68f"},
]
"tomli 1.2.1" = [
    {file = "tomli-1.2.1-py3-none-any.whl", hash = "sha256:8dd0e9524d6f386271a36b41dbf6c57d8e32fd96fd22b6584679dc569d20899f"},
    {file = "tomli-1.2.1.tar.gz", hash = "sha256:a5b75cb6f3968abb47af1b40c1819dc519ea82bcc065776a866e8d74c5ca9442"},
]
"tomlkit 0.11.0" = [
    {file = "tomlkit-0.11.0-py3-none-any.whl", hash = "sha256:0f4050db66fd445b885778900ce4dd9aea8c90c4721141fde0d6ade893820ef1"},
    {file = "tomlkit-0.11.0.tar.gz", hash = "sha256:71ceb10c0eefd8b8f11fe34e8a51ad07812cb1dc3de23247425fbc9ddc47b9dd"},
]
"towncrier 19.9.0" = [
    {file = "towncrier-19.9.0-py2.py3-none-any.whl", hash = "sha256:8726035bc95b1146640bf49ce8693465b54e37a791697e3119ab43dbe30a577a"},
    {file = "towncrier-19.9.0.tar.gz", hash = "sha256:19916889879353a8863f3de8cb1ef19b305a0b5cfd9d36159d76ca2fef08e9aa"},
]
"typing-extensions 3.10.0.2" = [
    {file = "typing_extensions-3.10.0.2-py2-none-any.whl", hash = "sha256:d8226d10bc02a29bcc81df19a26e56a9647f8b0a6d4a83924139f4a8b01f17b7"},
    {file = "typing_extensions-3.10.0.2-py3-none-any.whl", hash = "sha256:f1d25edafde516b146ecd0613dabcc61409817af4766fbbcfb8d1ad4ec441a34"},
    {file = "typing_extensions-3.10.0.2.tar.gz", hash = "sha256:49f75d16ff11f1cd258e1b988ccff82a3ca5570217d7ad8c5f48205dd99a677e"},
]
"virtualenv 20.8.0" = [
    {file = "virtualenv-20.8.0-py2.py3-none-any.whl", hash = "sha256:a4b987ec31c3c9996cf1bc865332f967fe4a0512c41b39652d6224f696e69da5"},
    {file = "virtualenv-20.8.0.tar.gz", hash = "sha256:4da4ac43888e97de9cf4fdd870f48ed864bbfd133d2c46cbdec941fed4a25aef"},
]
"watchdog 2.1.5" = [
    {file = "watchdog-2.1.5-cp310-cp310-macosx_10_9_universal2.whl", hash = "sha256:5f57ce4f7e498278fb2a091f39359930144a0f2f90ea8cbf4523c4e25de34028"},
    {file = "watchdog-2.1.5-cp310-cp310-macosx_10_9_x86_64.whl", hash = "sha256:8b74d0d92a69a7ab5f101f9fe74e44ba017be269efa824337366ccbb4effde85"},
    {file = "watchdog-2.1.5-cp310-cp310-macosx_11_0_arm64.whl", hash = "sha256:59767f476cd1f48531bf378f0300565d879688c82da8369ca8c52f633299523c"},
    {file = "watchdog-2.1.5-cp36-cp36m-macosx_10_9_x86_64.whl", hash = "sha256:814d396859c95598f7576d15bc257c3bd3ba61fa4bc1db7dfc18f09070ded7da"},
    {file = "watchdog-2.1.5-cp37-cp37m-macosx_10_9_x86_64.whl", hash = "sha256:28777dbed3bbd95f9c70f461443990a36c07dbf49ae7cd69932cdd1b8fb2850c"},
    {file = "watchdog-2.1.5-cp38-cp38-macosx_10_9_universal2.whl", hash = "sha256:5cf78f794c9d7bc64a626ef4f71aff88f57a7ae288e0b359a9c6ea711a41395f"},
    {file = "watchdog-2.1.5-cp38-cp38-macosx_10_9_x86_64.whl", hash = "sha256:43bf728eb7830559f329864ab5da2302c15b2efbac24ad84ccc09949ba753c40"},
    {file = "watchdog-2.1.5-cp38-cp38-macosx_11_0_arm64.whl", hash = "sha256:a7053d4d22dc95c5e0c90aeeae1e4ed5269d2f04001798eec43a654a03008d22"},
    {file = "watchdog-2.1.5-cp39-cp39-macosx_10_9_universal2.whl", hash = "sha256:6f3ad1d973fe8fc8fe64ba38f6a934b74346342fa98ef08ad5da361a05d46044"},
    {file = "watchdog-2.1.5-cp39-cp39-macosx_10_9_x86_64.whl", hash = "sha256:41d44ef21a77a32b55ce9bf59b75777063751f688de51098859b7c7f6466589a"},
    {file = "watchdog-2.1.5-cp39-cp39-macosx_11_0_arm64.whl", hash = "sha256:ed4ca4351cd2bb0d863ee737a2011ca44d8d8be19b43509bd4507f8a449b376b"},
    {file = "watchdog-2.1.5-pp37-pypy37_pp73-macosx_10_9_x86_64.whl", hash = "sha256:8874d5ad6b7f43b18935d9b0183e29727a623a216693d6938d07dfd411ba462f"},
    {file = "watchdog-2.1.5-py3-none-manylinux2014_aarch64.whl", hash = "sha256:50a7f81f99d238f72185f481b493f9de80096e046935b60ea78e1276f3d76960"},
    {file = "watchdog-2.1.5-py3-none-manylinux2014_armv7l.whl", hash = "sha256:e40e33a4889382824846b4baa05634e1365b47c6fa40071dc2d06b4d7c715fc1"},
    {file = "watchdog-2.1.5-py3-none-manylinux2014_i686.whl", hash = "sha256:78b1514067ff4089f4dac930b043a142997a5b98553120919005e97fbaba6546"},
    {file = "watchdog-2.1.5-py3-none-manylinux2014_ppc64.whl", hash = "sha256:58ae842300cbfe5e62fb068c83901abe76e4f413234b7bec5446e4275eb1f9cb"},
    {file = "watchdog-2.1.5-py3-none-manylinux2014_ppc64le.whl", hash = "sha256:b0cc7d8b7d60da6c313779d85903ce39a63d89d866014b085f720a083d5f3e9a"},
    {file = "watchdog-2.1.5-py3-none-manylinux2014_s390x.whl", hash = "sha256:e60d3bb7166b7cb830b86938d1eb0e6cfe23dfd634cce05c128f8f9967895193"},
    {file = "watchdog-2.1.5-py3-none-manylinux2014_x86_64.whl", hash = "sha256:51af09ae937ada0e9a10cc16988ec03c649754a91526170b6839b89fc56d6acb"},
    {file = "watchdog-2.1.5-py3-none-win32.whl", hash = "sha256:9391003635aa783957b9b11175d9802d3272ed67e69ef2e3394c0b6d9d24fa9a"},
    {file = "watchdog-2.1.5-py3-none-win_amd64.whl", hash = "sha256:eab14adfc417c2c983fbcb2c73ef3f28ba6990d1fff45d1180bf7e38bda0d98d"},
    {file = "watchdog-2.1.5-py3-none-win_ia64.whl", hash = "sha256:a2888a788893c4ef7e562861ec5433875b7915f930a5a7ed3d32c048158f1be5"},
    {file = "watchdog-2.1.5.tar.gz", hash = "sha256:5563b005907613430ef3d4aaac9c78600dd5704e84764cb6deda4b3d72807f09"},
]
"wheel 0.37.1" = [
    {file = "wheel-0.37.1-py2.py3-none-any.whl", hash = "sha256:4bdcd7d840138086126cd09254dc6195fb4fc6f01c050a1d7236f2630db1d22a"},
    {file = "wheel-0.37.1.tar.gz", hash = "sha256:e9a504e793efbca1b8e0e9cb979a249cf4a0a7b5b8c9e8b65a5e39d49529c1c4"},
]
"zipp 3.5.0" = [
    {file = "zipp-3.5.0-py3-none-any.whl", hash = "sha256:957cfda87797e389580cb8b9e3870841ca991e2125350677b2ca83a0e99390a3"},
    {file = "zipp-3.5.0.tar.gz", hash = "sha256:f5812b1e007e48cff63449a5e9f4e7ebea716b4111f9c4f9a645f91d579bf0c4"},
]
